// !$*UTF8*$!
{
	archiveVersion = 1;
	classes = {
	};
	objectVersion = 56;
	objects = {

/* Begin PBXBuildFile section */
		892E89C82A77991000254B54 /* AppDelegate.swift in Sources */ = {isa = PBXBuildFile; fileRef = 892E89C72A77991000254B54 /* AppDelegate.swift */; };
		892E89CA2A77991000254B54 /* SceneDelegate.swift in Sources */ = {isa = PBXBuildFile; fileRef = 892E89C92A77991000254B54 /* SceneDelegate.swift */; };
		892E89CF2A77991000254B54 /* Main.storyboard in Resources */ = {isa = PBXBuildFile; fileRef = 892E89CD2A77991000254B54 /* Main.storyboard */; };
		892E89D12A77991100254B54 /* Assets.xcassets in Resources */ = {isa = PBXBuildFile; fileRef = 892E89D02A77991100254B54 /* Assets.xcassets */; };
		892E89D42A77991100254B54 /* LaunchScreen.storyboard in Resources */ = {isa = PBXBuildFile; fileRef = 892E89D22A77991100254B54 /* LaunchScreen.storyboard */; };
		892E89DC2A77995400254B54 /* MainCollectionViewController.swift in Sources */ = {isa = PBXBuildFile; fileRef = 892E89DB2A77995400254B54 /* MainCollectionViewController.swift */; };
		892E89DF2A779A3000254B54 /* MainCollectionViewCell.swift in Sources */ = {isa = PBXBuildFile; fileRef = 892E89DD2A779A3000254B54 /* MainCollectionViewCell.swift */; };
		892E89E02A779A3000254B54 /* MainCollectionViewCell.xib in Resources */ = {isa = PBXBuildFile; fileRef = 892E89DE2A779A3000254B54 /* MainCollectionViewCell.xib */; };
		892E89E22A779CA300254B54 /* Movie.swift in Sources */ = {isa = PBXBuildFile; fileRef = 892E89E12A779CA300254B54 /* Movie.swift */; };
		892E89E52A779CCF00254B54 /* MovieInfo.swift in Sources */ = {isa = PBXBuildFile; fileRef = 892E89E42A779CCF00254B54 /* MovieInfo.swift */; };
		892E89E72A77A47700254B54 /* UIColor+.swift in Sources */ = {isa = PBXBuildFile; fileRef = 892E89E62A77A47700254B54 /* UIColor+.swift */; };
		892E89EA2A77A7E900254B54 /* SearchViewController.swift in Sources */ = {isa = PBXBuildFile; fileRef = 892E89E92A77A7E900254B54 /* SearchViewController.swift */; };
		892E89EC2A77B3AC00254B54 /* DetailViewController.swift in Sources */ = {isa = PBXBuildFile; fileRef = 892E89EB2A77B3AC00254B54 /* DetailViewController.swift */; };
		89CA33B42A7A498600DA1978 /* HomeItemTableHeaderView.swift in Sources */ = {isa = PBXBuildFile; fileRef = 89CA33B32A7A498600DA1978 /* HomeItemTableHeaderView.swift */; };
		89CA33B62A7A4B5700DA1978 /* HomeCategory.swift in Sources */ = {isa = PBXBuildFile; fileRef = 89CA33B52A7A4B5700DA1978 /* HomeCategory.swift */; };
		89CA33B82A7A729100DA1978 /* Platform.swift in Sources */ = {isa = PBXBuildFile; fileRef = 89CA33B72A7A729100DA1978 /* Platform.swift */; };
		89CA33BA2A7A744E00DA1978 /* UIButton+.swift in Sources */ = {isa = PBXBuildFile; fileRef = 89CA33B92A7A744E00DA1978 /* UIButton+.swift */; };
		89CA33BC2A7A75D100DA1978 /* UIStackView+.swift in Sources */ = {isa = PBXBuildFile; fileRef = 89CA33BB2A7A75D100DA1978 /* UIStackView+.swift */; };
		89CD163B2A82645100B29615 /* .gitignore in Resources */ = {isa = PBXBuildFile; fileRef = 89CD163A2A82645100B29615 /* .gitignore */; };
		89CD163D2A8264DF00B29615 /* APIKey.swift in Sources */ = {isa = PBXBuildFile; fileRef = 89CD163C2A8264DF00B29615 /* APIKey.swift */; };
		89CD163F2A82669600B29615 /* Book.swift in Sources */ = {isa = PBXBuildFile; fileRef = 89CD163E2A82669600B29615 /* Book.swift */; };
		89CD16442A82695F00B29615 /* SearchTableViewCell.swift in Sources */ = {isa = PBXBuildFile; fileRef = 89CD16422A82695F00B29615 /* SearchTableViewCell.swift */; };
		89CD16452A82695F00B29615 /* SearchTableViewCell.xib in Resources */ = {isa = PBXBuildFile; fileRef = 89CD16432A82695F00B29615 /* SearchTableViewCell.xib */; };
		89CD16482A82706B00B29615 /* Kingfisher in Frameworks */ = {isa = PBXBuildFile; productRef = 89CD16472A82706B00B29615 /* Kingfisher */; };
		89CD164B2A82707300B29615 /* SwiftyJSON in Frameworks */ = {isa = PBXBuildFile; productRef = 89CD164A2A82707300B29615 /* SwiftyJSON */; };
		89CD164E2A82707D00B29615 /* Alamofire in Frameworks */ = {isa = PBXBuildFile; productRef = 89CD164D2A82707D00B29615 /* Alamofire */; };
		89E6F2E22A78EBBD008F7751 /* UITextView+.swift in Sources */ = {isa = PBXBuildFile; fileRef = 89E6F2E12A78EBBD008F7751 /* UITextView+.swift */; };
		89E6F2F12A7A294A008F7751 /* HomeViewController.swift in Sources */ = {isa = PBXBuildFile; fileRef = 89E6F2F02A7A294A008F7751 /* HomeViewController.swift */; };
		89E6F2F42A7A2C03008F7751 /* HomeItemTableViewCell.swift in Sources */ = {isa = PBXBuildFile; fileRef = 89E6F2F22A7A2C03008F7751 /* HomeItemTableViewCell.swift */; };
		89E6F2F52A7A2C03008F7751 /* HomeItemTableViewCell.xib in Resources */ = {isa = PBXBuildFile; fileRef = 89E6F2F32A7A2C03008F7751 /* HomeItemTableViewCell.xib */; };
		89E6F2F82A7A328F008F7751 /* RecentItemCollectionViewCell.swift in Sources */ = {isa = PBXBuildFile; fileRef = 89E6F2F62A7A328F008F7751 /* RecentItemCollectionViewCell.swift */; };
		89E6F2F92A7A328F008F7751 /* RecentItemCollectionViewCell.xib in Resources */ = {isa = PBXBuildFile; fileRef = 89E6F2F72A7A328F008F7751 /* RecentItemCollectionViewCell.xib */; };
/* End PBXBuildFile section */

/* Begin PBXFileReference section */
		892E89C42A77991000254B54 /* BookShelf.app */ = {isa = PBXFileReference; explicitFileType = wrapper.application; includeInIndex = 0; path = BookShelf.app; sourceTree = BUILT_PRODUCTS_DIR; };
		892E89C72A77991000254B54 /* AppDelegate.swift */ = {isa = PBXFileReference; lastKnownFileType = sourcecode.swift; path = AppDelegate.swift; sourceTree = "<group>"; };
		892E89C92A77991000254B54 /* SceneDelegate.swift */ = {isa = PBXFileReference; lastKnownFileType = sourcecode.swift; path = SceneDelegate.swift; sourceTree = "<group>"; };
		892E89CE2A77991000254B54 /* Base */ = {isa = PBXFileReference; lastKnownFileType = file.storyboard; name = Base; path = Base.lproj/Main.storyboard; sourceTree = "<group>"; };
		892E89D02A77991100254B54 /* Assets.xcassets */ = {isa = PBXFileReference; lastKnownFileType = folder.assetcatalog; path = Assets.xcassets; sourceTree = "<group>"; };
		892E89D32A77991100254B54 /* Base */ = {isa = PBXFileReference; lastKnownFileType = file.storyboard; name = Base; path = Base.lproj/LaunchScreen.storyboard; sourceTree = "<group>"; };
		892E89D52A77991100254B54 /* Info.plist */ = {isa = PBXFileReference; lastKnownFileType = text.plist.xml; path = Info.plist; sourceTree = "<group>"; };
		892E89DB2A77995400254B54 /* MainCollectionViewController.swift */ = {isa = PBXFileReference; lastKnownFileType = sourcecode.swift; path = MainCollectionViewController.swift; sourceTree = "<group>"; };
		892E89DD2A779A3000254B54 /* MainCollectionViewCell.swift */ = {isa = PBXFileReference; lastKnownFileType = sourcecode.swift; path = MainCollectionViewCell.swift; sourceTree = "<group>"; };
		892E89DE2A779A3000254B54 /* MainCollectionViewCell.xib */ = {isa = PBXFileReference; lastKnownFileType = file.xib; path = MainCollectionViewCell.xib; sourceTree = "<group>"; };
		892E89E12A779CA300254B54 /* Movie.swift */ = {isa = PBXFileReference; lastKnownFileType = sourcecode.swift; path = Movie.swift; sourceTree = "<group>"; };
		892E89E42A779CCF00254B54 /* MovieInfo.swift */ = {isa = PBXFileReference; lastKnownFileType = sourcecode.swift; path = MovieInfo.swift; sourceTree = "<group>"; };
		892E89E62A77A47700254B54 /* UIColor+.swift */ = {isa = PBXFileReference; lastKnownFileType = sourcecode.swift; path = "UIColor+.swift"; sourceTree = "<group>"; };
		892E89E92A77A7E900254B54 /* SearchViewController.swift */ = {isa = PBXFileReference; lastKnownFileType = sourcecode.swift; path = SearchViewController.swift; sourceTree = "<group>"; };
		892E89EB2A77B3AC00254B54 /* DetailViewController.swift */ = {isa = PBXFileReference; lastKnownFileType = sourcecode.swift; path = DetailViewController.swift; sourceTree = "<group>"; };
		89CA33B32A7A498600DA1978 /* HomeItemTableHeaderView.swift */ = {isa = PBXFileReference; lastKnownFileType = sourcecode.swift; path = HomeItemTableHeaderView.swift; sourceTree = "<group>"; };
		89CA33B52A7A4B5700DA1978 /* HomeCategory.swift */ = {isa = PBXFileReference; lastKnownFileType = sourcecode.swift; path = HomeCategory.swift; sourceTree = "<group>"; };
		89CA33B72A7A729100DA1978 /* Platform.swift */ = {isa = PBXFileReference; lastKnownFileType = sourcecode.swift; path = Platform.swift; sourceTree = "<group>"; };
		89CA33B92A7A744E00DA1978 /* UIButton+.swift */ = {isa = PBXFileReference; lastKnownFileType = sourcecode.swift; path = "UIButton+.swift"; sourceTree = "<group>"; };
		89CA33BB2A7A75D100DA1978 /* UIStackView+.swift */ = {isa = PBXFileReference; lastKnownFileType = sourcecode.swift; path = "UIStackView+.swift"; sourceTree = "<group>"; };
		89CD163A2A82645100B29615 /* .gitignore */ = {isa = PBXFileReference; lastKnownFileType = text; path = .gitignore; sourceTree = "<group>"; };
		89CD163C2A8264DF00B29615 /* APIKey.swift */ = {isa = PBXFileReference; lastKnownFileType = sourcecode.swift; path = APIKey.swift; sourceTree = "<group>"; };
		89CD163E2A82669600B29615 /* Book.swift */ = {isa = PBXFileReference; lastKnownFileType = sourcecode.swift; path = Book.swift; sourceTree = "<group>"; };
		89CD16422A82695F00B29615 /* SearchTableViewCell.swift */ = {isa = PBXFileReference; lastKnownFileType = sourcecode.swift; path = SearchTableViewCell.swift; sourceTree = "<group>"; };
		89CD16432A82695F00B29615 /* SearchTableViewCell.xib */ = {isa = PBXFileReference; lastKnownFileType = file.xib; path = SearchTableViewCell.xib; sourceTree = "<group>"; };
		89E6F2E12A78EBBD008F7751 /* UITextView+.swift */ = {isa = PBXFileReference; lastKnownFileType = sourcecode.swift; path = "UITextView+.swift"; sourceTree = "<group>"; };
		89E6F2F02A7A294A008F7751 /* HomeViewController.swift */ = {isa = PBXFileReference; lastKnownFileType = sourcecode.swift; path = HomeViewController.swift; sourceTree = "<group>"; };
		89E6F2F22A7A2C03008F7751 /* HomeItemTableViewCell.swift */ = {isa = PBXFileReference; lastKnownFileType = sourcecode.swift; path = HomeItemTableViewCell.swift; sourceTree = "<group>"; };
		89E6F2F32A7A2C03008F7751 /* HomeItemTableViewCell.xib */ = {isa = PBXFileReference; lastKnownFileType = file.xib; path = HomeItemTableViewCell.xib; sourceTree = "<group>"; };
		89E6F2F62A7A328F008F7751 /* RecentItemCollectionViewCell.swift */ = {isa = PBXFileReference; lastKnownFileType = sourcecode.swift; path = RecentItemCollectionViewCell.swift; sourceTree = "<group>"; };
		89E6F2F72A7A328F008F7751 /* RecentItemCollectionViewCell.xib */ = {isa = PBXFileReference; lastKnownFileType = file.xib; path = RecentItemCollectionViewCell.xib; sourceTree = "<group>"; };
/* End PBXFileReference section */

/* Begin PBXFrameworksBuildPhase section */
		892E89C12A77991000254B54 /* Frameworks */ = {
			isa = PBXFrameworksBuildPhase;
			buildActionMask = 2147483647;
			files = (
				89CD164E2A82707D00B29615 /* Alamofire in Frameworks */,
				89CD164B2A82707300B29615 /* SwiftyJSON in Frameworks */,
				89CD16482A82706B00B29615 /* Kingfisher in Frameworks */,
			);
			runOnlyForDeploymentPostprocessing = 0;
		};
/* End PBXFrameworksBuildPhase section */

/* Begin PBXGroup section */
		892E89BB2A77990F00254B54 = {
			isa = PBXGroup;
			children = (
				892E89C62A77991000254B54 /* BookShelf */,
				892E89C52A77991000254B54 /* Products */,
			);
			sourceTree = "<group>";
		};
		892E89C52A77991000254B54 /* Products */ = {
			isa = PBXGroup;
			children = (
				892E89C42A77991000254B54 /* BookShelf.app */,
			);
			name = Products;
			sourceTree = "<group>";
		};
		892E89C62A77991000254B54 /* BookShelf */ = {
			isa = PBXGroup;
			children = (
				89CA33C12A7AA87B00DA1978 /* Application */,
				892E89E32A779CAD00254B54 /* Domain */,
				89E6F2E32A792A84008F7751 /* Presentation */,
				89CA33C02A7AA85F00DA1978 /* Common */,
				89CA33C52A7AA9F500DA1978 /* Mock */,
				89CD163A2A82645100B29615 /* .gitignore */,
				892E89D02A77991100254B54 /* Assets.xcassets */,
				892E89D52A77991100254B54 /* Info.plist */,
			);
			path = BookShelf;
			sourceTree = "<group>";
		};
		892E89E32A779CAD00254B54 /* Domain */ = {
			isa = PBXGroup;
			children = (
				89CA33BF2A7AA83600DA1978 /* Entities */,
			);
			path = Domain;
			sourceTree = "<group>";
		};
		892E89E82A77A47E00254B54 /* Extension */ = {
			isa = PBXGroup;
			children = (
				892E89E62A77A47700254B54 /* UIColor+.swift */,
				89E6F2E12A78EBBD008F7751 /* UITextView+.swift */,
				89CA33B92A7A744E00DA1978 /* UIButton+.swift */,
				89CA33BB2A7A75D100DA1978 /* UIStackView+.swift */,
			);
			path = Extension;
			sourceTree = "<group>";
		};
		89CA33BF2A7AA83600DA1978 /* Entities */ = {
			isa = PBXGroup;
			children = (
				892E89E12A779CA300254B54 /* Movie.swift */,
				89CA33B52A7A4B5700DA1978 /* HomeCategory.swift */,
				89CA33B72A7A729100DA1978 /* Platform.swift */,
				89CD163E2A82669600B29615 /* Book.swift */,
			);
			path = Entities;
			sourceTree = "<group>";
		};
		89CA33C02A7AA85F00DA1978 /* Common */ = {
			isa = PBXGroup;
			children = (
				89CD163C2A8264DF00B29615 /* APIKey.swift */,
				892E89E82A77A47E00254B54 /* Extension */,
			);
			path = Common;
			sourceTree = "<group>";
		};
		89CA33C12A7AA87B00DA1978 /* Application */ = {
			isa = PBXGroup;
			children = (
				892E89C72A77991000254B54 /* AppDelegate.swift */,
				892E89C92A77991000254B54 /* SceneDelegate.swift */,
			);
			path = Application;
			sourceTree = "<group>";
		};
		89CA33C22A7AA8AA00DA1978 /* Home */ = {
			isa = PBXGroup;
			children = (
				89E6F2F02A7A294A008F7751 /* HomeViewController.swift */,
				89CA33B32A7A498600DA1978 /* HomeItemTableHeaderView.swift */,
				89E6F2F22A7A2C03008F7751 /* HomeItemTableViewCell.swift */,
				89E6F2F32A7A2C03008F7751 /* HomeItemTableViewCell.xib */,
				89E6F2F62A7A328F008F7751 /* RecentItemCollectionViewCell.swift */,
				89E6F2F72A7A328F008F7751 /* RecentItemCollectionViewCell.xib */,
			);
			path = Home;
			sourceTree = "<group>";
		};
		89CA33C32A7AA99D00DA1978 /* Main */ = {
			isa = PBXGroup;
			children = (
				892E89DB2A77995400254B54 /* MainCollectionViewController.swift */,
				892E89DD2A779A3000254B54 /* MainCollectionViewCell.swift */,
				892E89DE2A779A3000254B54 /* MainCollectionViewCell.xib */,
				892E89E92A77A7E900254B54 /* SearchViewController.swift */,
				89CD16422A82695F00B29615 /* SearchTableViewCell.swift */,
				89CD16432A82695F00B29615 /* SearchTableViewCell.xib */,
			);
			path = Main;
			sourceTree = "<group>";
		};
		89CA33C42A7AA9BC00DA1978 /* Detail */ = {
			isa = PBXGroup;
			children = (
				892E89EB2A77B3AC00254B54 /* DetailViewController.swift */,
			);
			path = Detail;
			sourceTree = "<group>";
		};
		89CA33C52A7AA9F500DA1978 /* Mock */ = {
			isa = PBXGroup;
			children = (
				892E89E42A779CCF00254B54 /* MovieInfo.swift */,
			);
			path = Mock;
			sourceTree = "<group>";
		};
		89E6F2E32A792A84008F7751 /* Presentation */ = {
			isa = PBXGroup;
			children = (
				892E89CD2A77991000254B54 /* Main.storyboard */,
				892E89D22A77991100254B54 /* LaunchScreen.storyboard */,
				89CA33C22A7AA8AA00DA1978 /* Home */,
				89CA33C32A7AA99D00DA1978 /* Main */,
				89CA33C42A7AA9BC00DA1978 /* Detail */,
			);
			path = Presentation;
			sourceTree = "<group>";
		};
/* End PBXGroup section */

/* Begin PBXNativeTarget section */
		892E89C32A77991000254B54 /* BookShelf */ = {
			isa = PBXNativeTarget;
			buildConfigurationList = 892E89D82A77991100254B54 /* Build configuration list for PBXNativeTarget "BookShelf" */;
			buildPhases = (
				892E89C02A77991000254B54 /* Sources */,
				892E89C12A77991000254B54 /* Frameworks */,
				892E89C22A77991000254B54 /* Resources */,
			);
			buildRules = (
			);
			dependencies = (
			);
			name = BookShelf;
			packageProductDependencies = (
				89CD16472A82706B00B29615 /* Kingfisher */,
				89CD164A2A82707300B29615 /* SwiftyJSON */,
				89CD164D2A82707D00B29615 /* Alamofire */,
			);
			productName = BookShelf;
			productReference = 892E89C42A77991000254B54 /* BookShelf.app */;
			productType = "com.apple.product-type.application";
		};
/* End PBXNativeTarget section */

/* Begin PBXProject section */
		892E89BC2A77990F00254B54 /* Project object */ = {
			isa = PBXProject;
			attributes = {
				BuildIndependentTargetsInParallel = 1;
				LastSwiftUpdateCheck = 1430;
				LastUpgradeCheck = 1430;
				TargetAttributes = {
					892E89C32A77991000254B54 = {
						CreatedOnToolsVersion = 14.3.1;
					};
				};
			};
			buildConfigurationList = 892E89BF2A77990F00254B54 /* Build configuration list for PBXProject "BookShelf" */;
			compatibilityVersion = "Xcode 14.0";
			developmentRegion = en;
			hasScannedForEncodings = 0;
			knownRegions = (
				en,
				Base,
			);
			mainGroup = 892E89BB2A77990F00254B54;
			packageReferences = (
				89CD16462A82706B00B29615 /* XCRemoteSwiftPackageReference "Kingfisher" */,
				89CD16492A82707300B29615 /* XCRemoteSwiftPackageReference "SwiftyJSON" */,
				89CD164C2A82707D00B29615 /* XCRemoteSwiftPackageReference "Alamofire" */,
			);
			productRefGroup = 892E89C52A77991000254B54 /* Products */;
			projectDirPath = "";
			projectRoot = "";
			targets = (
				892E89C32A77991000254B54 /* BookShelf */,
			);
		};
/* End PBXProject section */

/* Begin PBXResourcesBuildPhase section */
		892E89C22A77991000254B54 /* Resources */ = {
			isa = PBXResourcesBuildPhase;
			buildActionMask = 2147483647;
			files = (
				89E6F2F52A7A2C03008F7751 /* HomeItemTableViewCell.xib in Resources */,
				89CD16452A82695F00B29615 /* SearchTableViewCell.xib in Resources */,
				89CD163B2A82645100B29615 /* .gitignore in Resources */,
				89E6F2F92A7A328F008F7751 /* RecentItemCollectionViewCell.xib in Resources */,
				892E89D42A77991100254B54 /* LaunchScreen.storyboard in Resources */,
				892E89D12A77991100254B54 /* Assets.xcassets in Resources */,
				892E89CF2A77991000254B54 /* Main.storyboard in Resources */,
				892E89E02A779A3000254B54 /* MainCollectionViewCell.xib in Resources */,
			);
			runOnlyForDeploymentPostprocessing = 0;
		};
/* End PBXResourcesBuildPhase section */

/* Begin PBXSourcesBuildPhase section */
		892E89C02A77991000254B54 /* Sources */ = {
			isa = PBXSourcesBuildPhase;
			buildActionMask = 2147483647;
			files = (
				892E89E52A779CCF00254B54 /* MovieInfo.swift in Sources */,
				89CD163D2A8264DF00B29615 /* APIKey.swift in Sources */,
				89E6F2F42A7A2C03008F7751 /* HomeItemTableViewCell.swift in Sources */,
				89CA33B42A7A498600DA1978 /* HomeItemTableHeaderView.swift in Sources */,
				89E6F2F82A7A328F008F7751 /* RecentItemCollectionViewCell.swift in Sources */,
				89CA33BA2A7A744E00DA1978 /* UIButton+.swift in Sources */,
				89CD16442A82695F00B29615 /* SearchTableViewCell.swift in Sources */,
				89CA33B62A7A4B5700DA1978 /* HomeCategory.swift in Sources */,
				892E89E72A77A47700254B54 /* UIColor+.swift in Sources */,
				89CD163F2A82669600B29615 /* Book.swift in Sources */,
				89CA33BC2A7A75D100DA1978 /* UIStackView+.swift in Sources */,
				892E89EA2A77A7E900254B54 /* SearchViewController.swift in Sources */,
				892E89DC2A77995400254B54 /* MainCollectionViewController.swift in Sources */,
				892E89E22A779CA300254B54 /* Movie.swift in Sources */,
				892E89DF2A779A3000254B54 /* MainCollectionViewCell.swift in Sources */,
				892E89EC2A77B3AC00254B54 /* DetailViewController.swift in Sources */,
				89CA33B82A7A729100DA1978 /* Platform.swift in Sources */,
				89E6F2F12A7A294A008F7751 /* HomeViewController.swift in Sources */,
				892E89C82A77991000254B54 /* AppDelegate.swift in Sources */,
				89E6F2E22A78EBBD008F7751 /* UITextView+.swift in Sources */,
				892E89CA2A77991000254B54 /* SceneDelegate.swift in Sources */,
			);
			runOnlyForDeploymentPostprocessing = 0;
		};
/* End PBXSourcesBuildPhase section */

/* Begin PBXVariantGroup section */
		892E89CD2A77991000254B54 /* Main.storyboard */ = {
			isa = PBXVariantGroup;
			children = (
				892E89CE2A77991000254B54 /* Base */,
			);
			name = Main.storyboard;
			sourceTree = "<group>";
		};
		892E89D22A77991100254B54 /* LaunchScreen.storyboard */ = {
			isa = PBXVariantGroup;
			children = (
				892E89D32A77991100254B54 /* Base */,
			);
			name = LaunchScreen.storyboard;
			sourceTree = "<group>";
		};
/* End PBXVariantGroup section */

/* Begin XCBuildConfiguration section */
		892E89D62A77991100254B54 /* Debug */ = {
			isa = XCBuildConfiguration;
			buildSettings = {
				ALWAYS_SEARCH_USER_PATHS = NO;
				CLANG_ANALYZER_NONNULL = YES;
				CLANG_ANALYZER_NUMBER_OBJECT_CONVERSION = YES_AGGRESSIVE;
				CLANG_CXX_LANGUAGE_STANDARD = "gnu++20";
				CLANG_ENABLE_MODULES = YES;
				CLANG_ENABLE_OBJC_ARC = YES;
				CLANG_ENABLE_OBJC_WEAK = YES;
				CLANG_WARN_BLOCK_CAPTURE_AUTORELEASING = YES;
				CLANG_WARN_BOOL_CONVERSION = YES;
				CLANG_WARN_COMMA = YES;
				CLANG_WARN_CONSTANT_CONVERSION = YES;
				CLANG_WARN_DEPRECATED_OBJC_IMPLEMENTATIONS = YES;
				CLANG_WARN_DIRECT_OBJC_ISA_USAGE = YES_ERROR;
				CLANG_WARN_DOCUMENTATION_COMMENTS = YES;
				CLANG_WARN_EMPTY_BODY = YES;
				CLANG_WARN_ENUM_CONVERSION = YES;
				CLANG_WARN_INFINITE_RECURSION = YES;
				CLANG_WARN_INT_CONVERSION = YES;
				CLANG_WARN_NON_LITERAL_NULL_CONVERSION = YES;
				CLANG_WARN_OBJC_IMPLICIT_RETAIN_SELF = YES;
				CLANG_WARN_OBJC_LITERAL_CONVERSION = YES;
				CLANG_WARN_OBJC_ROOT_CLASS = YES_ERROR;
				CLANG_WARN_QUOTED_INCLUDE_IN_FRAMEWORK_HEADER = YES;
				CLANG_WARN_RANGE_LOOP_ANALYSIS = YES;
				CLANG_WARN_STRICT_PROTOTYPES = YES;
				CLANG_WARN_SUSPICIOUS_MOVE = YES;
				CLANG_WARN_UNGUARDED_AVAILABILITY = YES_AGGRESSIVE;
				CLANG_WARN_UNREACHABLE_CODE = YES;
				CLANG_WARN__DUPLICATE_METHOD_MATCH = YES;
				COPY_PHASE_STRIP = NO;
				DEBUG_INFORMATION_FORMAT = dwarf;
				ENABLE_STRICT_OBJC_MSGSEND = YES;
				ENABLE_TESTABILITY = YES;
				GCC_C_LANGUAGE_STANDARD = gnu11;
				GCC_DYNAMIC_NO_PIC = NO;
				GCC_NO_COMMON_BLOCKS = YES;
				GCC_OPTIMIZATION_LEVEL = 0;
				GCC_PREPROCESSOR_DEFINITIONS = (
					"DEBUG=1",
					"$(inherited)",
				);
				GCC_WARN_64_TO_32_BIT_CONVERSION = YES;
				GCC_WARN_ABOUT_RETURN_TYPE = YES_ERROR;
				GCC_WARN_UNDECLARED_SELECTOR = YES;
				GCC_WARN_UNINITIALIZED_AUTOS = YES_AGGRESSIVE;
				GCC_WARN_UNUSED_FUNCTION = YES;
				GCC_WARN_UNUSED_VARIABLE = YES;
				IPHONEOS_DEPLOYMENT_TARGET = 16.4;
				MTL_ENABLE_DEBUG_INFO = INCLUDE_SOURCE;
				MTL_FAST_MATH = YES;
				ONLY_ACTIVE_ARCH = YES;
				SDKROOT = iphoneos;
				SWIFT_ACTIVE_COMPILATION_CONDITIONS = DEBUG;
				SWIFT_OPTIMIZATION_LEVEL = "-Onone";
			};
			name = Debug;
		};
		892E89D72A77991100254B54 /* Release */ = {
			isa = XCBuildConfiguration;
			buildSettings = {
				ALWAYS_SEARCH_USER_PATHS = NO;
				CLANG_ANALYZER_NONNULL = YES;
				CLANG_ANALYZER_NUMBER_OBJECT_CONVERSION = YES_AGGRESSIVE;
				CLANG_CXX_LANGUAGE_STANDARD = "gnu++20";
				CLANG_ENABLE_MODULES = YES;
				CLANG_ENABLE_OBJC_ARC = YES;
				CLANG_ENABLE_OBJC_WEAK = YES;
				CLANG_WARN_BLOCK_CAPTURE_AUTORELEASING = YES;
				CLANG_WARN_BOOL_CONVERSION = YES;
				CLANG_WARN_COMMA = YES;
				CLANG_WARN_CONSTANT_CONVERSION = YES;
				CLANG_WARN_DEPRECATED_OBJC_IMPLEMENTATIONS = YES;
				CLANG_WARN_DIRECT_OBJC_ISA_USAGE = YES_ERROR;
				CLANG_WARN_DOCUMENTATION_COMMENTS = YES;
				CLANG_WARN_EMPTY_BODY = YES;
				CLANG_WARN_ENUM_CONVERSION = YES;
				CLANG_WARN_INFINITE_RECURSION = YES;
				CLANG_WARN_INT_CONVERSION = YES;
				CLANG_WARN_NON_LITERAL_NULL_CONVERSION = YES;
				CLANG_WARN_OBJC_IMPLICIT_RETAIN_SELF = YES;
				CLANG_WARN_OBJC_LITERAL_CONVERSION = YES;
				CLANG_WARN_OBJC_ROOT_CLASS = YES_ERROR;
				CLANG_WARN_QUOTED_INCLUDE_IN_FRAMEWORK_HEADER = YES;
				CLANG_WARN_RANGE_LOOP_ANALYSIS = YES;
				CLANG_WARN_STRICT_PROTOTYPES = YES;
				CLANG_WARN_SUSPICIOUS_MOVE = YES;
				CLANG_WARN_UNGUARDED_AVAILABILITY = YES_AGGRESSIVE;
				CLANG_WARN_UNREACHABLE_CODE = YES;
				CLANG_WARN__DUPLICATE_METHOD_MATCH = YES;
				COPY_PHASE_STRIP = NO;
				DEBUG_INFORMATION_FORMAT = "dwarf-with-dsym";
				ENABLE_NS_ASSERTIONS = NO;
				ENABLE_STRICT_OBJC_MSGSEND = YES;
				GCC_C_LANGUAGE_STANDARD = gnu11;
				GCC_NO_COMMON_BLOCKS = YES;
				GCC_WARN_64_TO_32_BIT_CONVERSION = YES;
				GCC_WARN_ABOUT_RETURN_TYPE = YES_ERROR;
				GCC_WARN_UNDECLARED_SELECTOR = YES;
				GCC_WARN_UNINITIALIZED_AUTOS = YES_AGGRESSIVE;
				GCC_WARN_UNUSED_FUNCTION = YES;
				GCC_WARN_UNUSED_VARIABLE = YES;
				IPHONEOS_DEPLOYMENT_TARGET = 16.4;
				MTL_ENABLE_DEBUG_INFO = NO;
				MTL_FAST_MATH = YES;
				SDKROOT = iphoneos;
				SWIFT_COMPILATION_MODE = wholemodule;
				SWIFT_OPTIMIZATION_LEVEL = "-O";
				VALIDATE_PRODUCT = YES;
			};
			name = Release;
		};
		892E89D92A77991100254B54 /* Debug */ = {
			isa = XCBuildConfiguration;
			buildSettings = {
				ASSETCATALOG_COMPILER_APPICON_NAME = AppIcon;
				ASSETCATALOG_COMPILER_GLOBAL_ACCENT_COLOR_NAME = AccentColor;
				CODE_SIGN_STYLE = Automatic;
				CURRENT_PROJECT_VERSION = 1;
				DEVELOPMENT_TEAM = 67D46DJNPH;
				GENERATE_INFOPLIST_FILE = YES;
				INFOPLIST_FILE = BookShelf/Info.plist;
				INFOPLIST_KEY_UIApplicationSupportsIndirectInputEvents = YES;
				INFOPLIST_KEY_UILaunchStoryboardName = LaunchScreen;
				INFOPLIST_KEY_UIMainStoryboardFile = Main;
				INFOPLIST_KEY_UISupportedInterfaceOrientations_iPad = "UIInterfaceOrientationPortrait UIInterfaceOrientationPortraitUpsideDown UIInterfaceOrientationLandscapeLeft UIInterfaceOrientationLandscapeRight";
				INFOPLIST_KEY_UISupportedInterfaceOrientations_iPhone = "UIInterfaceOrientationPortrait UIInterfaceOrientationLandscapeLeft UIInterfaceOrientationLandscapeRight";
				LD_RUNPATH_SEARCH_PATHS = (
					"$(inherited)",
					"@executable_path/Frameworks",
				);
				MARKETING_VERSION = 1.0;
				PRODUCT_BUNDLE_IDENTIFIER = com.yescoachdev.BookShelf;
				PRODUCT_NAME = "$(TARGET_NAME)";
				SWIFT_EMIT_LOC_STRINGS = YES;
				SWIFT_VERSION = 5.0;
				TARGETED_DEVICE_FAMILY = "1,2";
			};
			name = Debug;
		};
		892E89DA2A77991100254B54 /* Release */ = {
			isa = XCBuildConfiguration;
			buildSettings = {
				ASSETCATALOG_COMPILER_APPICON_NAME = AppIcon;
				ASSETCATALOG_COMPILER_GLOBAL_ACCENT_COLOR_NAME = AccentColor;
				CODE_SIGN_STYLE = Automatic;
				CURRENT_PROJECT_VERSION = 1;
				DEVELOPMENT_TEAM = 67D46DJNPH;
				GENERATE_INFOPLIST_FILE = YES;
				INFOPLIST_FILE = BookShelf/Info.plist;
				INFOPLIST_KEY_UIApplicationSupportsIndirectInputEvents = YES;
				INFOPLIST_KEY_UILaunchStoryboardName = LaunchScreen;
				INFOPLIST_KEY_UIMainStoryboardFile = Main;
				INFOPLIST_KEY_UISupportedInterfaceOrientations_iPad = "UIInterfaceOrientationPortrait UIInterfaceOrientationPortraitUpsideDown UIInterfaceOrientationLandscapeLeft UIInterfaceOrientationLandscapeRight";
				INFOPLIST_KEY_UISupportedInterfaceOrientations_iPhone = "UIInterfaceOrientationPortrait UIInterfaceOrientationLandscapeLeft UIInterfaceOrientationLandscapeRight";
				LD_RUNPATH_SEARCH_PATHS = (
					"$(inherited)",
					"@executable_path/Frameworks",
				);
				MARKETING_VERSION = 1.0;
				PRODUCT_BUNDLE_IDENTIFIER = com.yescoachdev.BookShelf;
				PRODUCT_NAME = "$(TARGET_NAME)";
				SWIFT_EMIT_LOC_STRINGS = YES;
				SWIFT_VERSION = 5.0;
				TARGETED_DEVICE_FAMILY = "1,2";
			};
			name = Release;
		};
/* End XCBuildConfiguration section */

/* Begin XCConfigurationList section */
		892E89BF2A77990F00254B54 /* Build configuration list for PBXProject "BookShelf" */ = {
			isa = XCConfigurationList;
			buildConfigurations = (
				892E89D62A77991100254B54 /* Debug */,
				892E89D72A77991100254B54 /* Release */,
			);
			defaultConfigurationIsVisible = 0;
			defaultConfigurationName = Release;
		};
		892E89D82A77991100254B54 /* Build configuration list for PBXNativeTarget "BookShelf" */ = {
			isa = XCConfigurationList;
			buildConfigurations = (
				892E89D92A77991100254B54 /* Debug */,
				892E89DA2A77991100254B54 /* Release */,
			);
			defaultConfigurationIsVisible = 0;
			defaultConfigurationName = Release;
		};
/* End XCConfigurationList section */

/* Begin XCRemoteSwiftPackageReference section */
		89CD16462A82706B00B29615 /* XCRemoteSwiftPackageReference "Kingfisher" */ = {
			isa = XCRemoteSwiftPackageReference;
			repositoryURL = "https://github.com/onevcat/Kingfisher";
			requirement = {
				kind = upToNextMajorVersion;
				minimumVersion = 7.0.0;
			};
		};
		89CD16492A82707300B29615 /* XCRemoteSwiftPackageReference "SwiftyJSON" */ = {
			isa = XCRemoteSwiftPackageReference;
			repositoryURL = "https://github.com/SwiftyJSON/SwiftyJSON.git";
			requirement = {
				kind = upToNextMajorVersion;
				minimumVersion = 5.0.0;
			};
		};
		89CD164C2A82707D00B29615 /* XCRemoteSwiftPackageReference "Alamofire" */ = {
			isa = XCRemoteSwiftPackageReference;
			repositoryURL = "https://github.com/Alamofire/Alamofire.git";
			requirement = {
				kind = upToNextMajorVersion;
				minimumVersion = 5.0.0;
			};
		};
/* End XCRemoteSwiftPackageReference section */

/* Begin XCSwiftPackageProductDependency section */
		89CD16472A82706B00B29615 /* Kingfisher */ = {
			isa = XCSwiftPackageProductDependency;
			package = 89CD16462A82706B00B29615 /* XCRemoteSwiftPackageReference "Kingfisher" */;
			productName = Kingfisher;
		};
		89CD164A2A82707300B29615 /* SwiftyJSON */ = {
			isa = XCSwiftPackageProductDependency;
			package = 89CD16492A82707300B29615 /* XCRemoteSwiftPackageReference "SwiftyJSON" */;
			productName = SwiftyJSON;
		};
		89CD164D2A82707D00B29615 /* Alamofire */ = {
			isa = XCSwiftPackageProductDependency;
			package = 89CD164C2A82707D00B29615 /* XCRemoteSwiftPackageReference "Alamofire" */;
			productName = Alamofire;
		};
/* End XCSwiftPackageProductDependency section */
	};
	rootObject = 892E89BC2A77990F00254B54 /* Project object */;
}
