// !$*UTF8*$!
{
	archiveVersion = 1;
	classes = {
	};
	objectVersion = 56;
	objects = {

/* Begin PBXBuildFile section */
		892E89C82A77991000254B54 /* AppDelegate.swift in Sources */ = {isa = PBXBuildFile; fileRef = 892E89C72A77991000254B54 /* AppDelegate.swift */; };
		892E89CA2A77991000254B54 /* SceneDelegate.swift in Sources */ = {isa = PBXBuildFile; fileRef = 892E89C92A77991000254B54 /* SceneDelegate.swift */; };
		892E89CF2A77991000254B54 /* Main.storyboard in Resources */ = {isa = PBXBuildFile; fileRef = 892E89CD2A77991000254B54 /* Main.storyboard */; };
		892E89D12A77991100254B54 /* Assets.xcassets in Resources */ = {isa = PBXBuildFile; fileRef = 892E89D02A77991100254B54 /* Assets.xcassets */; };
		892E89D42A77991100254B54 /* LaunchScreen.storyboard in Resources */ = {isa = PBXBuildFile; fileRef = 892E89D22A77991100254B54 /* LaunchScreen.storyboard */; };
		892E89DC2A77995400254B54 /* MainCollectionViewController.swift in Sources */ = {isa = PBXBuildFile; fileRef = 892E89DB2A77995400254B54 /* MainCollectionViewController.swift */; };
		892E89DF2A779A3000254B54 /* MainCollectionViewCell.swift in Sources */ = {isa = PBXBuildFile; fileRef = 892E89DD2A779A3000254B54 /* MainCollectionViewCell.swift */; };
		892E89E02A779A3000254B54 /* MainCollectionViewCell.xib in Resources */ = {isa = PBXBuildFile; fileRef = 892E89DE2A779A3000254B54 /* MainCollectionViewCell.xib */; };
		892E89E22A779CA300254B54 /* Movie.swift in Sources */ = {isa = PBXBuildFile; fileRef = 892E89E12A779CA300254B54 /* Movie.swift */; };
		892E89E52A779CCF00254B54 /* MovieInfo.swift in Sources */ = {isa = PBXBuildFile; fileRef = 892E89E42A779CCF00254B54 /* MovieInfo.swift */; };
		892E89E72A77A47700254B54 /* UIColor+.swift in Sources */ = {isa = PBXBuildFile; fileRef = 892E89E62A77A47700254B54 /* UIColor+.swift */; };
		892E89EA2A77A7E900254B54 /* SearchViewController.swift in Sources */ = {isa = PBXBuildFile; fileRef = 892E89E92A77A7E900254B54 /* SearchViewController.swift */; };
		892E89EC2A77B3AC00254B54 /* DetailViewController.swift in Sources */ = {isa = PBXBuildFile; fileRef = 892E89EB2A77B3AC00254B54 /* DetailViewController.swift */; };
		89E6F2E22A78EBBD008F7751 /* UITextView+.swift in Sources */ = {isa = PBXBuildFile; fileRef = 89E6F2E12A78EBBD008F7751 /* UITextView+.swift */; };
		89E6F2F12A7A294A008F7751 /* HomeViewController.swift in Sources */ = {isa = PBXBuildFile; fileRef = 89E6F2F02A7A294A008F7751 /* HomeViewController.swift */; };
/* End PBXBuildFile section */

/* Begin PBXFileReference section */
		892E89C42A77991000254B54 /* BookShelf.app */ = {isa = PBXFileReference; explicitFileType = wrapper.application; includeInIndex = 0; path = BookShelf.app; sourceTree = BUILT_PRODUCTS_DIR; };
		892E89C72A77991000254B54 /* AppDelegate.swift */ = {isa = PBXFileReference; lastKnownFileType = sourcecode.swift; path = AppDelegate.swift; sourceTree = "<group>"; };
		892E89C92A77991000254B54 /* SceneDelegate.swift */ = {isa = PBXFileReference; lastKnownFileType = sourcecode.swift; path = SceneDelegate.swift; sourceTree = "<group>"; };
		892E89CE2A77991000254B54 /* Base */ = {isa = PBXFileReference; lastKnownFileType = file.storyboard; name = Base; path = Base.lproj/Main.storyboard; sourceTree = "<group>"; };
		892E89D02A77991100254B54 /* Assets.xcassets */ = {isa = PBXFileReference; lastKnownFileType = folder.assetcatalog; path = Assets.xcassets; sourceTree = "<group>"; };
		892E89D32A77991100254B54 /* Base */ = {isa = PBXFileReference; lastKnownFileType = file.storyboard; name = Base; path = Base.lproj/LaunchScreen.storyboard; sourceTree = "<group>"; };
		892E89D52A77991100254B54 /* Info.plist */ = {isa = PBXFileReference; lastKnownFileType = text.plist.xml; path = Info.plist; sourceTree = "<group>"; };
		892E89DB2A77995400254B54 /* MainCollectionViewController.swift */ = {isa = PBXFileReference; lastKnownFileType = sourcecode.swift; path = MainCollectionViewController.swift; sourceTree = "<group>"; };
		892E89DD2A779A3000254B54 /* MainCollectionViewCell.swift */ = {isa = PBXFileReference; lastKnownFileType = sourcecode.swift; path = MainCollectionViewCell.swift; sourceTree = "<group>"; };
		892E89DE2A779A3000254B54 /* MainCollectionViewCell.xib */ = {isa = PBXFileReference; lastKnownFileType = file.xib; path = MainCollectionViewCell.xib; sourceTree = "<group>"; };
		892E89E12A779CA300254B54 /* Movie.swift */ = {isa = PBXFileReference; lastKnownFileType = sourcecode.swift; path = Movie.swift; sourceTree = "<group>"; };
		892E89E42A779CCF00254B54 /* MovieInfo.swift */ = {isa = PBXFileReference; lastKnownFileType = sourcecode.swift; path = MovieInfo.swift; sourceTree = "<group>"; };
		892E89E62A77A47700254B54 /* UIColor+.swift */ = {isa = PBXFileReference; lastKnownFileType = sourcecode.swift; path = "UIColor+.swift"; sourceTree = "<group>"; };
		892E89E92A77A7E900254B54 /* SearchViewController.swift */ = {isa = PBXFileReference; lastKnownFileType = sourcecode.swift; path = SearchViewController.swift; sourceTree = "<group>"; };
		892E89EB2A77B3AC00254B54 /* DetailViewController.swift */ = {isa = PBXFileReference; lastKnownFileType = sourcecode.swift; path = DetailViewController.swift; sourceTree = "<group>"; };
		89E6F2E12A78EBBD008F7751 /* UITextView+.swift */ = {isa = PBXFileReference; lastKnownFileType = sourcecode.swift; path = "UITextView+.swift"; sourceTree = "<group>"; };
		89E6F2F02A7A294A008F7751 /* HomeViewController.swift */ = {isa = PBXFileReference; lastKnownFileType = sourcecode.swift; path = HomeViewController.swift; sourceTree = "<group>"; };
/* End PBXFileReference section */

/* Begin PBXFrameworksBuildPhase section */
		892E89C12A77991000254B54 /* Frameworks */ = {
			isa = PBXFrameworksBuildPhase;
			buildActionMask = 2147483647;
			files = (
			);
			runOnlyForDeploymentPostprocessing = 0;
		};
/* End PBXFrameworksBuildPhase section */

/* Begin PBXGroup section */
		892E89BB2A77990F00254B54 = {
			isa = PBXGroup;
			children = (
				892E89C62A77991000254B54 /* BookShelf */,
				892E89C52A77991000254B54 /* Products */,
			);
			sourceTree = "<group>";
		};
		892E89C52A77991000254B54 /* Products */ = {
			isa = PBXGroup;
			children = (
				892E89C42A77991000254B54 /* BookShelf.app */,
			);
			name = Products;
			sourceTree = "<group>";
		};
		892E89C62A77991000254B54 /* BookShelf */ = {
			isa = PBXGroup;
			children = (
				892E89C72A77991000254B54 /* AppDelegate.swift */,
				892E89C92A77991000254B54 /* SceneDelegate.swift */,
				892E89E32A779CAD00254B54 /* Model */,
				89E6F2E32A792A84008F7751 /* Presentation */,
				892E89E82A77A47E00254B54 /* Extension */,
				892E89CD2A77991000254B54 /* Main.storyboard */,
				892E89DE2A779A3000254B54 /* MainCollectionViewCell.xib */,
				892E89D22A77991100254B54 /* LaunchScreen.storyboard */,
				892E89D02A77991100254B54 /* Assets.xcassets */,
				892E89D52A77991100254B54 /* Info.plist */,
			);
			path = BookShelf;
			sourceTree = "<group>";
		};
		892E89E32A779CAD00254B54 /* Model */ = {
			isa = PBXGroup;
			children = (
				892E89E12A779CA300254B54 /* Movie.swift */,
				892E89E42A779CCF00254B54 /* MovieInfo.swift */,
			);
			path = Model;
			sourceTree = "<group>";
		};
		892E89E82A77A47E00254B54 /* Extension */ = {
			isa = PBXGroup;
			children = (
				892E89E62A77A47700254B54 /* UIColor+.swift */,
				89E6F2E12A78EBBD008F7751 /* UITextView+.swift */,
			);
			path = Extension;
			sourceTree = "<group>";
		};
		89E6F2E32A792A84008F7751 /* Presentation */ = {
			isa = PBXGroup;
			children = (
				892E89DB2A77995400254B54 /* MainCollectionViewController.swift */,
				892E89DD2A779A3000254B54 /* MainCollectionViewCell.swift */,
				892E89E92A77A7E900254B54 /* SearchViewController.swift */,
				892E89EB2A77B3AC00254B54 /* DetailViewController.swift */,
				89E6F2F02A7A294A008F7751 /* HomeViewController.swift */,
			);
			path = Presentation;
			sourceTree = "<group>";
		};
/* End PBXGroup section */

/* Begin PBXNativeTarget section */
		892E89C32A77991000254B54 /* BookShelf */ = {
			isa = PBXNativeTarget;
			buildConfigurationList = 892E89D82A77991100254B54 /* Build configuration list for PBXNativeTarget "BookShelf" */;
			buildPhases = (
				892E89C02A77991000254B54 /* Sources */,
				892E89C12A77991000254B54 /* Frameworks */,
				892E89C22A77991000254B54 /* Resources */,
			);
			buildRules = (
			);
			dependencies = (
			);
			name = BookShelf;
			productName = BookShelf;
			productReference = 892E89C42A77991000254B54 /* BookShelf.app */;
			productType = "com.apple.product-type.application";
		};
/* End PBXNativeTarget section */

/* Begin PBXProject section */
		892E89BC2A77990F00254B54 /* Project object */ = {
			isa = PBXProject;
			attributes = {
				BuildIndependentTargetsInParallel = 1;
				LastSwiftUpdateCheck = 1430;
				LastUpgradeCheck = 1430;
				TargetAttributes = {
					892E89C32A77991000254B54 = {
						CreatedOnToolsVersion = 14.3.1;
					};
				};
			};
			buildConfigurationList = 892E89BF2A77990F00254B54 /* Build configuration list for PBXProject "BookShelf" */;
			compatibilityVersion = "Xcode 14.0";
			developmentRegion = en;
			hasScannedForEncodings = 0;
			knownRegions = (
				en,
				Base,
			);
			mainGroup = 892E89BB2A77990F00254B54;
			productRefGroup = 892E89C52A77991000254B54 /* Products */;
			projectDirPath = "";
			projectRoot = "";
			targets = (
				892E89C32A77991000254B54 /* BookShelf */,
			);
		};
/* End PBXProject section */

/* Begin PBXResourcesBuildPhase section */
		892E89C22A77991000254B54 /* Resources */ = {
			isa = PBXResourcesBuildPhase;
			buildActionMask = 2147483647;
			files = (
				892E89D42A77991100254B54 /* LaunchScreen.storyboard in Resources */,
				892E89D12A77991100254B54 /* Assets.xcassets in Resources */,
				892E89CF2A77991000254B54 /* Main.storyboard in Resources */,
				892E89E02A779A3000254B54 /* MainCollectionViewCell.xib in Resources */,
			);
			runOnlyForDeploymentPostprocessing = 0;
		};
/* End PBXResourcesBuildPhase section */

/* Begin PBXSourcesBuildPhase section */
		892E89C02A77991000254B54 /* Sources */ = {
			isa = PBXSourcesBuildPhase;
			buildActionMask = 2147483647;
			files = (
				892E89E52A779CCF00254B54 /* MovieInfo.swift in Sources */,
				892E89E72A77A47700254B54 /* UIColor+.swift in Sources */,
				892E89EA2A77A7E900254B54 /* SearchViewController.swift in Sources */,
				892E89DC2A77995400254B54 /* MainCollectionViewController.swift in Sources */,
				892E89E22A779CA300254B54 /* Movie.swift in Sources */,
				892E89DF2A779A3000254B54 /* MainCollectionViewCell.swift in Sources */,
				892E89EC2A77B3AC00254B54 /* DetailViewController.swift in Sources */,
				89E6F2F12A7A294A008F7751 /* HomeViewController.swift in Sources */,
				892E89C82A77991000254B54 /* AppDelegate.swift in Sources */,
				89E6F2E22A78EBBD008F7751 /* UITextView+.swift in Sources */,
				892E89CA2A77991000254B54 /* SceneDelegate.swift in Sources */,
			);
			runOnlyForDeploymentPostprocessing = 0;
		};
/* End PBXSourcesBuildPhase section */

/* Begin PBXVariantGroup section */
		892E89CD2A77991000254B54 /* Main.storyboard */ = {
			isa = PBXVariantGroup;
			children = (
				892E89CE2A77991000254B54 /* Base */,
			);
			name = Main.storyboard;
			sourceTree = "<group>";
		};
		892E89D22A77991100254B54 /* LaunchScreen.storyboard */ = {
			isa = PBXVariantGroup;
			children = (
				892E89D32A77991100254B54 /* Base */,
			);
			name = LaunchScreen.storyboard;
			sourceTree = "<group>";
		};
/* End PBXVariantGroup section */

/* Begin XCBuildConfiguration section */
		892E89D62A77991100254B54 /* Debug */ = {
			isa = XCBuildConfiguration;
			buildSettings = {
				ALWAYS_SEARCH_USER_PATHS = NO;
				CLANG_ANALYZER_NONNULL = YES;
				CLANG_ANALYZER_NUMBER_OBJECT_CONVERSION = YES_AGGRESSIVE;
				CLANG_CXX_LANGUAGE_STANDARD = "gnu++20";
				CLANG_ENABLE_MODULES = YES;
				CLANG_ENABLE_OBJC_ARC = YES;
				CLANG_ENABLE_OBJC_WEAK = YES;
				CLANG_WARN_BLOCK_CAPTURE_AUTORELEASING = YES;
				CLANG_WARN_BOOL_CONVERSION = YES;
				CLANG_WARN_COMMA = YES;
				CLANG_WARN_CONSTANT_CONVERSION = YES;
				CLANG_WARN_DEPRECATED_OBJC_IMPLEMENTATIONS = YES;
				CLANG_WARN_DIRECT_OBJC_ISA_USAGE = YES_ERROR;
				CLANG_WARN_DOCUMENTATION_COMMENTS = YES;
				CLANG_WARN_EMPTY_BODY = YES;
				CLANG_WARN_ENUM_CONVERSION = YES;
				CLANG_WARN_INFINITE_RECURSION = YES;
				CLANG_WARN_INT_CONVERSION = YES;
				CLANG_WARN_NON_LITERAL_NULL_CONVERSION = YES;
				CLANG_WARN_OBJC_IMPLICIT_RETAIN_SELF = YES;
				CLANG_WARN_OBJC_LITERAL_CONVERSION = YES;
				CLANG_WARN_OBJC_ROOT_CLASS = YES_ERROR;
				CLANG_WARN_QUOTED_INCLUDE_IN_FRAMEWORK_HEADER = YES;
				CLANG_WARN_RANGE_LOOP_ANALYSIS = YES;
				CLANG_WARN_STRICT_PROTOTYPES = YES;
				CLANG_WARN_SUSPICIOUS_MOVE = YES;
				CLANG_WARN_UNGUARDED_AVAILABILITY = YES_AGGRESSIVE;
				CLANG_WARN_UNREACHABLE_CODE = YES;
				CLANG_WARN__DUPLICATE_METHOD_MATCH = YES;
				COPY_PHASE_STRIP = NO;
				DEBUG_INFORMATION_FORMAT = dwarf;
				ENABLE_STRICT_OBJC_MSGSEND = YES;
				ENABLE_TESTABILITY = YES;
				GCC_C_LANGUAGE_STANDARD = gnu11;
				GCC_DYNAMIC_NO_PIC = NO;
				GCC_NO_COMMON_BLOCKS = YES;
				GCC_OPTIMIZATION_LEVEL = 0;
				GCC_PREPROCESSOR_DEFINITIONS = (
					"DEBUG=1",
					"$(inherited)",
				);
				GCC_WARN_64_TO_32_BIT_CONVERSION = YES;
				GCC_WARN_ABOUT_RETURN_TYPE = YES_ERROR;
				GCC_WARN_UNDECLARED_SELECTOR = YES;
				GCC_WARN_UNINITIALIZED_AUTOS = YES_AGGRESSIVE;
				GCC_WARN_UNUSED_FUNCTION = YES;
				GCC_WARN_UNUSED_VARIABLE = YES;
				IPHONEOS_DEPLOYMENT_TARGET = 16.4;
				MTL_ENABLE_DEBUG_INFO = INCLUDE_SOURCE;
				MTL_FAST_MATH = YES;
				ONLY_ACTIVE_ARCH = YES;
				SDKROOT = iphoneos;
				SWIFT_ACTIVE_COMPILATION_CONDITIONS = DEBUG;
				SWIFT_OPTIMIZATION_LEVEL = "-Onone";
			};
			name = Debug;
		};
		892E89D72A77991100254B54 /* Release */ = {
			isa = XCBuildConfiguration;
			buildSettings = {
				ALWAYS_SEARCH_USER_PATHS = NO;
				CLANG_ANALYZER_NONNULL = YES;
				CLANG_ANALYZER_NUMBER_OBJECT_CONVERSION = YES_AGGRESSIVE;
				CLANG_CXX_LANGUAGE_STANDARD = "gnu++20";
				CLANG_ENABLE_MODULES = YES;
				CLANG_ENABLE_OBJC_ARC = YES;
				CLANG_ENABLE_OBJC_WEAK = YES;
				CLANG_WARN_BLOCK_CAPTURE_AUTORELEASING = YES;
				CLANG_WARN_BOOL_CONVERSION = YES;
				CLANG_WARN_COMMA = YES;
				CLANG_WARN_CONSTANT_CONVERSION = YES;
				CLANG_WARN_DEPRECATED_OBJC_IMPLEMENTATIONS = YES;
				CLANG_WARN_DIRECT_OBJC_ISA_USAGE = YES_ERROR;
				CLANG_WARN_DOCUMENTATION_COMMENTS = YES;
				CLANG_WARN_EMPTY_BODY = YES;
				CLANG_WARN_ENUM_CONVERSION = YES;
				CLANG_WARN_INFINITE_RECURSION = YES;
				CLANG_WARN_INT_CONVERSION = YES;
				CLANG_WARN_NON_LITERAL_NULL_CONVERSION = YES;
				CLANG_WARN_OBJC_IMPLICIT_RETAIN_SELF = YES;
				CLANG_WARN_OBJC_LITERAL_CONVERSION = YES;
				CLANG_WARN_OBJC_ROOT_CLASS = YES_ERROR;
				CLANG_WARN_QUOTED_INCLUDE_IN_FRAMEWORK_HEADER = YES;
				CLANG_WARN_RANGE_LOOP_ANALYSIS = YES;
				CLANG_WARN_STRICT_PROTOTYPES = YES;
				CLANG_WARN_SUSPICIOUS_MOVE = YES;
				CLANG_WARN_UNGUARDED_AVAILABILITY = YES_AGGRESSIVE;
				CLANG_WARN_UNREACHABLE_CODE = YES;
				CLANG_WARN__DUPLICATE_METHOD_MATCH = YES;
				COPY_PHASE_STRIP = NO;
				DEBUG_INFORMATION_FORMAT = "dwarf-with-dsym";
				ENABLE_NS_ASSERTIONS = NO;
				ENABLE_STRICT_OBJC_MSGSEND = YES;
				GCC_C_LANGUAGE_STANDARD = gnu11;
				GCC_NO_COMMON_BLOCKS = YES;
				GCC_WARN_64_TO_32_BIT_CONVERSION = YES;
				GCC_WARN_ABOUT_RETURN_TYPE = YES_ERROR;
				GCC_WARN_UNDECLARED_SELECTOR = YES;
				GCC_WARN_UNINITIALIZED_AUTOS = YES_AGGRESSIVE;
				GCC_WARN_UNUSED_FUNCTION = YES;
				GCC_WARN_UNUSED_VARIABLE = YES;
				IPHONEOS_DEPLOYMENT_TARGET = 16.4;
				MTL_ENABLE_DEBUG_INFO = NO;
				MTL_FAST_MATH = YES;
				SDKROOT = iphoneos;
				SWIFT_COMPILATION_MODE = wholemodule;
				SWIFT_OPTIMIZATION_LEVEL = "-O";
				VALIDATE_PRODUCT = YES;
			};
			name = Release;
		};
		892E89D92A77991100254B54 /* Debug */ = {
			isa = XCBuildConfiguration;
			buildSettings = {
				ASSETCATALOG_COMPILER_APPICON_NAME = AppIcon;
				ASSETCATALOG_COMPILER_GLOBAL_ACCENT_COLOR_NAME = AccentColor;
				CODE_SIGN_STYLE = Automatic;
				CURRENT_PROJECT_VERSION = 1;
				DEVELOPMENT_TEAM = 67D46DJNPH;
				GENERATE_INFOPLIST_FILE = YES;
				INFOPLIST_FILE = BookShelf/Info.plist;
				INFOPLIST_KEY_UIApplicationSupportsIndirectInputEvents = YES;
				INFOPLIST_KEY_UILaunchStoryboardName = LaunchScreen;
				INFOPLIST_KEY_UIMainStoryboardFile = Main;
				INFOPLIST_KEY_UISupportedInterfaceOrientations_iPad = "UIInterfaceOrientationPortrait UIInterfaceOrientationPortraitUpsideDown UIInterfaceOrientationLandscapeLeft UIInterfaceOrientationLandscapeRight";
				INFOPLIST_KEY_UISupportedInterfaceOrientations_iPhone = "UIInterfaceOrientationPortrait UIInterfaceOrientationLandscapeLeft UIInterfaceOrientationLandscapeRight";
				LD_RUNPATH_SEARCH_PATHS = (
					"$(inherited)",
					"@executable_path/Frameworks",
				);
				MARKETING_VERSION = 1.0;
				PRODUCT_BUNDLE_IDENTIFIER = com.yescoachdev.BookShelf;
				PRODUCT_NAME = "$(TARGET_NAME)";
				SWIFT_EMIT_LOC_STRINGS = YES;
				SWIFT_VERSION = 5.0;
				TARGETED_DEVICE_FAMILY = "1,2";
			};
			name = Debug;
		};
		892E89DA2A77991100254B54 /* Release */ = {
			isa = XCBuildConfiguration;
			buildSettings = {
				ASSETCATALOG_COMPILER_APPICON_NAME = AppIcon;
				ASSETCATALOG_COMPILER_GLOBAL_ACCENT_COLOR_NAME = AccentColor;
				CODE_SIGN_STYLE = Automatic;
				CURRENT_PROJECT_VERSION = 1;
				DEVELOPMENT_TEAM = 67D46DJNPH;
				GENERATE_INFOPLIST_FILE = YES;
				INFOPLIST_FILE = BookShelf/Info.plist;
				INFOPLIST_KEY_UIApplicationSupportsIndirectInputEvents = YES;
				INFOPLIST_KEY_UILaunchStoryboardName = LaunchScreen;
				INFOPLIST_KEY_UIMainStoryboardFile = Main;
				INFOPLIST_KEY_UISupportedInterfaceOrientations_iPad = "UIInterfaceOrientationPortrait UIInterfaceOrientationPortraitUpsideDown UIInterfaceOrientationLandscapeLeft UIInterfaceOrientationLandscapeRight";
				INFOPLIST_KEY_UISupportedInterfaceOrientations_iPhone = "UIInterfaceOrientationPortrait UIInterfaceOrientationLandscapeLeft UIInterfaceOrientationLandscapeRight";
				LD_RUNPATH_SEARCH_PATHS = (
					"$(inherited)",
					"@executable_path/Frameworks",
				);
				MARKETING_VERSION = 1.0;
				PRODUCT_BUNDLE_IDENTIFIER = com.yescoachdev.BookShelf;
				PRODUCT_NAME = "$(TARGET_NAME)";
				SWIFT_EMIT_LOC_STRINGS = YES;
				SWIFT_VERSION = 5.0;
				TARGETED_DEVICE_FAMILY = "1,2";
			};
			name = Release;
		};
/* End XCBuildConfiguration section */

/* Begin XCConfigurationList section */
		892E89BF2A77990F00254B54 /* Build configuration list for PBXProject "BookShelf" */ = {
			isa = XCConfigurationList;
			buildConfigurations = (
				892E89D62A77991100254B54 /* Debug */,
				892E89D72A77991100254B54 /* Release */,
			);
			defaultConfigurationIsVisible = 0;
			defaultConfigurationName = Release;
		};
		892E89D82A77991100254B54 /* Build configuration list for PBXNativeTarget "BookShelf" */ = {
			isa = XCConfigurationList;
			buildConfigurations = (
				892E89D92A77991100254B54 /* Debug */,
				892E89DA2A77991100254B54 /* Release */,
			);
			defaultConfigurationIsVisible = 0;
			defaultConfigurationName = Release;
		};
/* End XCConfigurationList section */
	};
	rootObject = 892E89BC2A77990F00254B54 /* Project object */;
}
