// !$*UTF8*$!
{
	archiveVersion = 1;
	classes = {
	};
	objectVersion = 56;
	objects = {

/* Begin PBXBuildFile section */
		890C29632AA59BD500ED7D9C /* Realm in Frameworks */ = {isa = PBXBuildFile; productRef = 890C29622AA59BD500ED7D9C /* Realm */; };
		890C29652AA59BD500ED7D9C /* RealmSwift in Frameworks */ = {isa = PBXBuildFile; productRef = 890C29642AA59BD500ED7D9C /* RealmSwift */; };
		890C29682AA5A3A100ED7D9C /* APIURL.swift in Sources */ = {isa = PBXBuildFile; fileRef = 890C29672AA5A3A100ED7D9C /* APIURL.swift */; };
		890C296D2AA5A9F400ED7D9C /* APIHeader.swift in Sources */ = {isa = PBXBuildFile; fileRef = 890C296C2AA5A9F400ED7D9C /* APIHeader.swift */; };
		890C296F2AA5AA4300ED7D9C /* NetworkManager.swift in Sources */ = {isa = PBXBuildFile; fileRef = 890C296E2AA5AA4300ED7D9C /* NetworkManager.swift */; };
		890C29712AA5AA6E00ED7D9C /* URLSession+.swift in Sources */ = {isa = PBXBuildFile; fileRef = 890C29702AA5AA6E00ED7D9C /* URLSession+.swift */; };
		890C29732AA5AA9E00ED7D9C /* APIError.swift in Sources */ = {isa = PBXBuildFile; fileRef = 890C29722AA5AA9E00ED7D9C /* APIError.swift */; };
		890C29752AA5AE6100ED7D9C /* URLRequest+.swift in Sources */ = {isa = PBXBuildFile; fileRef = 890C29742AA5AE6100ED7D9C /* URLRequest+.swift */; };
		890C29772AA5B45D00ED7D9C /* KakaoSearchResult.swift in Sources */ = {isa = PBXBuildFile; fileRef = 890C29762AA5B45D00ED7D9C /* KakaoSearchResult.swift */; };
		890C29792AA5B6DC00ED7D9C /* ReusableView.swift in Sources */ = {isa = PBXBuildFile; fileRef = 890C29782AA5B6DC00ED7D9C /* ReusableView.swift */; };
		890C29802AA5C35100ED7D9C /* RealmStorage.swift in Sources */ = {isa = PBXBuildFile; fileRef = 890C297F2AA5C35100ED7D9C /* RealmStorage.swift */; };
		890C29842AA5C6FD00ED7D9C /* SearchBookUseCase.swift in Sources */ = {isa = PBXBuildFile; fileRef = 890C29832AA5C6FD00ED7D9C /* SearchBookUseCase.swift */; };
		890C29892AA5C8B000ED7D9C /* BookRepository.swift in Sources */ = {isa = PBXBuildFile; fileRef = 890C29882AA5C8B000ED7D9C /* BookRepository.swift */; };
		890C298B2AA5CAB500ED7D9C /* DefaultBookRepository.swift in Sources */ = {isa = PBXBuildFile; fileRef = 890C298A2AA5CAB500ED7D9C /* DefaultBookRepository.swift */; };
		890C298D2AA5CB6700ED7D9C /* BookStorage.swift in Sources */ = {isa = PBXBuildFile; fileRef = 890C298C2AA5CB6700ED7D9C /* BookStorage.swift */; };
		890C29902AA5CBBD00ED7D9C /* RealmBookStorage.swift in Sources */ = {isa = PBXBuildFile; fileRef = 890C298F2AA5CBBD00ED7D9C /* RealmBookStorage.swift */; };
		890C29932AA5CE5000ED7D9C /* BookDTO+Mapping.swift in Sources */ = {isa = PBXBuildFile; fileRef = 890C29922AA5CE5000ED7D9C /* BookDTO+Mapping.swift */; };
		890C29982AA5E1FC00ED7D9C /* Book+Mapping.swift in Sources */ = {isa = PBXBuildFile; fileRef = 890C29972AA5E1FC00ED7D9C /* Book+Mapping.swift */; };
		890C299C2AA5EA9200ED7D9C /* DIContainer.swift in Sources */ = {isa = PBXBuildFile; fileRef = 890C299B2AA5EA9200ED7D9C /* DIContainer.swift */; };
		890C299E2AA5EAAA00ED7D9C /* AppDIContainer.swift in Sources */ = {isa = PBXBuildFile; fileRef = 890C299D2AA5EAAA00ED7D9C /* AppDIContainer.swift */; };
		890C29A02AA5EE3500ED7D9C /* KakaoSearchResultDTO+Mapping.swift in Sources */ = {isa = PBXBuildFile; fileRef = 890C299F2AA5EE3500ED7D9C /* KakaoSearchResultDTO+Mapping.swift */; };
		890C29A22AA5F57D00ED7D9C /* DTOMapping.swift in Sources */ = {isa = PBXBuildFile; fileRef = 890C29A12AA5F57D00ED7D9C /* DTOMapping.swift */; };
		890C29A42AA5FCD500ED7D9C /* LocalBookUseCase.swift in Sources */ = {isa = PBXBuildFile; fileRef = 890C29A32AA5FCD500ED7D9C /* LocalBookUseCase.swift */; };
		890C29A62AA5FEBD00ED7D9C /* RealmMapping.swift in Sources */ = {isa = PBXBuildFile; fileRef = 890C29A52AA5FEBD00ED7D9C /* RealmMapping.swift */; };
		890C29AF2AA70C9E00ED7D9C /* FileSystemManager.swift in Sources */ = {isa = PBXBuildFile; fileRef = 890C29AE2AA70C9E00ED7D9C /* FileSystemManager.swift */; };
		890C29B32AA71ACC00ED7D9C /* LocalBookRepository.swift in Sources */ = {isa = PBXBuildFile; fileRef = 890C29B22AA71ACC00ED7D9C /* LocalBookRepository.swift */; };
		890C29B52AA71B5100ED7D9C /* DefaultLocalBookRepository.swift in Sources */ = {isa = PBXBuildFile; fileRef = 890C29B42AA71B5100ED7D9C /* DefaultLocalBookRepository.swift */; };
		892E89C82A77991000254B54 /* AppDelegate.swift in Sources */ = {isa = PBXBuildFile; fileRef = 892E89C72A77991000254B54 /* AppDelegate.swift */; };
		892E89CA2A77991000254B54 /* SceneDelegate.swift in Sources */ = {isa = PBXBuildFile; fileRef = 892E89C92A77991000254B54 /* SceneDelegate.swift */; };
		892E89CF2A77991000254B54 /* Main.storyboard in Resources */ = {isa = PBXBuildFile; fileRef = 892E89CD2A77991000254B54 /* Main.storyboard */; };
		892E89D12A77991100254B54 /* Assets.xcassets in Resources */ = {isa = PBXBuildFile; fileRef = 892E89D02A77991100254B54 /* Assets.xcassets */; };
		892E89D42A77991100254B54 /* LaunchScreen.storyboard in Resources */ = {isa = PBXBuildFile; fileRef = 892E89D22A77991100254B54 /* LaunchScreen.storyboard */; };
		892E89DC2A77995400254B54 /* MyBookShelfViewController.swift in Sources */ = {isa = PBXBuildFile; fileRef = 892E89DB2A77995400254B54 /* MyBookShelfViewController.swift */; };
		892E89DF2A779A3000254B54 /* MyBookShelfCollectionViewCell.swift in Sources */ = {isa = PBXBuildFile; fileRef = 892E89DD2A779A3000254B54 /* MyBookShelfCollectionViewCell.swift */; };
		892E89E02A779A3000254B54 /* MyBookShelfCollectionViewCell.xib in Resources */ = {isa = PBXBuildFile; fileRef = 892E89DE2A779A3000254B54 /* MyBookShelfCollectionViewCell.xib */; };
		892E89E22A779CA300254B54 /* Movie.swift in Sources */ = {isa = PBXBuildFile; fileRef = 892E89E12A779CA300254B54 /* Movie.swift */; };
		892E89E52A779CCF00254B54 /* MovieInfo.swift in Sources */ = {isa = PBXBuildFile; fileRef = 892E89E42A779CCF00254B54 /* MovieInfo.swift */; };
		892E89E72A77A47700254B54 /* UIColor+.swift in Sources */ = {isa = PBXBuildFile; fileRef = 892E89E62A77A47700254B54 /* UIColor+.swift */; };
		892E89EA2A77A7E900254B54 /* SearchViewController.swift in Sources */ = {isa = PBXBuildFile; fileRef = 892E89E92A77A7E900254B54 /* SearchViewController.swift */; };
		892E89EC2A77B3AC00254B54 /* DetailViewController.swift in Sources */ = {isa = PBXBuildFile; fileRef = 892E89EB2A77B3AC00254B54 /* DetailViewController.swift */; };
		89CA33B42A7A498600DA1978 /* LookaroundTableHeaderView.swift in Sources */ = {isa = PBXBuildFile; fileRef = 89CA33B32A7A498600DA1978 /* LookaroundTableHeaderView.swift */; };
		89CA33B62A7A4B5700DA1978 /* HomeCategory.swift in Sources */ = {isa = PBXBuildFile; fileRef = 89CA33B52A7A4B5700DA1978 /* HomeCategory.swift */; };
		89CA33B82A7A729100DA1978 /* Platform.swift in Sources */ = {isa = PBXBuildFile; fileRef = 89CA33B72A7A729100DA1978 /* Platform.swift */; };
		89CA33BA2A7A744E00DA1978 /* UIButton+.swift in Sources */ = {isa = PBXBuildFile; fileRef = 89CA33B92A7A744E00DA1978 /* UIButton+.swift */; };
		89CA33BC2A7A75D100DA1978 /* UIStackView+.swift in Sources */ = {isa = PBXBuildFile; fileRef = 89CA33BB2A7A75D100DA1978 /* UIStackView+.swift */; };
		89CD163B2A82645100B29615 /* .gitignore in Resources */ = {isa = PBXBuildFile; fileRef = 89CD163A2A82645100B29615 /* .gitignore */; };
		89CD163D2A8264DF00B29615 /* APIKey.swift in Sources */ = {isa = PBXBuildFile; fileRef = 89CD163C2A8264DF00B29615 /* APIKey.swift */; };
		89CD163F2A82669600B29615 /* Book.swift in Sources */ = {isa = PBXBuildFile; fileRef = 89CD163E2A82669600B29615 /* Book.swift */; };
		89CD16442A82695F00B29615 /* SearchTableViewCell.swift in Sources */ = {isa = PBXBuildFile; fileRef = 89CD16422A82695F00B29615 /* SearchTableViewCell.swift */; };
		89CD16452A82695F00B29615 /* SearchTableViewCell.xib in Resources */ = {isa = PBXBuildFile; fileRef = 89CD16432A82695F00B29615 /* SearchTableViewCell.xib */; };
		89CD16482A82706B00B29615 /* Kingfisher in Frameworks */ = {isa = PBXBuildFile; productRef = 89CD16472A82706B00B29615 /* Kingfisher */; };
		89CD164B2A82707300B29615 /* SwiftyJSON in Frameworks */ = {isa = PBXBuildFile; productRef = 89CD164A2A82707300B29615 /* SwiftyJSON */; };
		89CD164E2A82707D00B29615 /* Alamofire in Frameworks */ = {isa = PBXBuildFile; productRef = 89CD164D2A82707D00B29615 /* Alamofire */; };
		89E6F2E22A78EBBD008F7751 /* UITextView+.swift in Sources */ = {isa = PBXBuildFile; fileRef = 89E6F2E12A78EBBD008F7751 /* UITextView+.swift */; };
		89E6F2F12A7A294A008F7751 /* LookaroundViewController.swift in Sources */ = {isa = PBXBuildFile; fileRef = 89E6F2F02A7A294A008F7751 /* LookaroundViewController.swift */; };
		89E6F2F42A7A2C03008F7751 /* LookaroundTableViewCell.swift in Sources */ = {isa = PBXBuildFile; fileRef = 89E6F2F22A7A2C03008F7751 /* LookaroundTableViewCell.swift */; };
		89E6F2F52A7A2C03008F7751 /* LookaroundTableViewCell.xib in Resources */ = {isa = PBXBuildFile; fileRef = 89E6F2F32A7A2C03008F7751 /* LookaroundTableViewCell.xib */; };
		89E6F2F82A7A328F008F7751 /* RecentItemCollectionViewCell.swift in Sources */ = {isa = PBXBuildFile; fileRef = 89E6F2F62A7A328F008F7751 /* RecentItemCollectionViewCell.swift */; };
		89E6F2F92A7A328F008F7751 /* RecentItemCollectionViewCell.xib in Resources */ = {isa = PBXBuildFile; fileRef = 89E6F2F72A7A328F008F7751 /* RecentItemCollectionViewCell.xib */; };
/* End PBXBuildFile section */

/* Begin PBXFileReference section */
		890C29672AA5A3A100ED7D9C /* APIURL.swift */ = {isa = PBXFileReference; lastKnownFileType = sourcecode.swift; path = APIURL.swift; sourceTree = "<group>"; };
		890C296C2AA5A9F400ED7D9C /* APIHeader.swift */ = {isa = PBXFileReference; lastKnownFileType = sourcecode.swift; path = APIHeader.swift; sourceTree = "<group>"; };
		890C296E2AA5AA4300ED7D9C /* NetworkManager.swift */ = {isa = PBXFileReference; lastKnownFileType = sourcecode.swift; path = NetworkManager.swift; sourceTree = "<group>"; };
		890C29702AA5AA6E00ED7D9C /* URLSession+.swift */ = {isa = PBXFileReference; lastKnownFileType = sourcecode.swift; path = "URLSession+.swift"; sourceTree = "<group>"; };
		890C29722AA5AA9E00ED7D9C /* APIError.swift */ = {isa = PBXFileReference; lastKnownFileType = sourcecode.swift; path = APIError.swift; sourceTree = "<group>"; };
		890C29742AA5AE6100ED7D9C /* URLRequest+.swift */ = {isa = PBXFileReference; lastKnownFileType = sourcecode.swift; path = "URLRequest+.swift"; sourceTree = "<group>"; };
		890C29762AA5B45D00ED7D9C /* KakaoSearchResult.swift */ = {isa = PBXFileReference; lastKnownFileType = sourcecode.swift; path = KakaoSearchResult.swift; sourceTree = "<group>"; };
		890C29782AA5B6DC00ED7D9C /* ReusableView.swift */ = {isa = PBXFileReference; lastKnownFileType = sourcecode.swift; path = ReusableView.swift; sourceTree = "<group>"; };
		890C297F2AA5C35100ED7D9C /* RealmStorage.swift */ = {isa = PBXFileReference; lastKnownFileType = sourcecode.swift; path = RealmStorage.swift; sourceTree = "<group>"; };
		890C29832AA5C6FD00ED7D9C /* SearchBookUseCase.swift */ = {isa = PBXFileReference; lastKnownFileType = sourcecode.swift; path = SearchBookUseCase.swift; sourceTree = "<group>"; };
		890C29882AA5C8B000ED7D9C /* BookRepository.swift */ = {isa = PBXFileReference; lastKnownFileType = sourcecode.swift; path = BookRepository.swift; sourceTree = "<group>"; };
		890C298A2AA5CAB500ED7D9C /* DefaultBookRepository.swift */ = {isa = PBXFileReference; lastKnownFileType = sourcecode.swift; path = DefaultBookRepository.swift; sourceTree = "<group>"; };
		890C298C2AA5CB6700ED7D9C /* BookStorage.swift */ = {isa = PBXFileReference; lastKnownFileType = sourcecode.swift; path = BookStorage.swift; sourceTree = "<group>"; };
		890C298F2AA5CBBD00ED7D9C /* RealmBookStorage.swift */ = {isa = PBXFileReference; lastKnownFileType = sourcecode.swift; path = RealmBookStorage.swift; sourceTree = "<group>"; };
		890C29922AA5CE5000ED7D9C /* BookDTO+Mapping.swift */ = {isa = PBXFileReference; lastKnownFileType = sourcecode.swift; path = "BookDTO+Mapping.swift"; sourceTree = "<group>"; };
		890C29972AA5E1FC00ED7D9C /* Book+Mapping.swift */ = {isa = PBXFileReference; lastKnownFileType = sourcecode.swift; path = "Book+Mapping.swift"; sourceTree = "<group>"; };
		890C299B2AA5EA9200ED7D9C /* DIContainer.swift */ = {isa = PBXFileReference; lastKnownFileType = sourcecode.swift; path = DIContainer.swift; sourceTree = "<group>"; };
		890C299D2AA5EAAA00ED7D9C /* AppDIContainer.swift */ = {isa = PBXFileReference; lastKnownFileType = sourcecode.swift; path = AppDIContainer.swift; sourceTree = "<group>"; };
		890C299F2AA5EE3500ED7D9C /* KakaoSearchResultDTO+Mapping.swift */ = {isa = PBXFileReference; lastKnownFileType = sourcecode.swift; path = "KakaoSearchResultDTO+Mapping.swift"; sourceTree = "<group>"; };
		890C29A12AA5F57D00ED7D9C /* DTOMapping.swift */ = {isa = PBXFileReference; lastKnownFileType = sourcecode.swift; path = DTOMapping.swift; sourceTree = "<group>"; };
		890C29A32AA5FCD500ED7D9C /* LocalBookUseCase.swift */ = {isa = PBXFileReference; lastKnownFileType = sourcecode.swift; path = LocalBookUseCase.swift; sourceTree = "<group>"; };
		890C29A52AA5FEBD00ED7D9C /* RealmMapping.swift */ = {isa = PBXFileReference; lastKnownFileType = sourcecode.swift; path = RealmMapping.swift; sourceTree = "<group>"; };
		890C29AE2AA70C9E00ED7D9C /* FileSystemManager.swift */ = {isa = PBXFileReference; lastKnownFileType = sourcecode.swift; path = FileSystemManager.swift; sourceTree = "<group>"; };
		890C29B22AA71ACC00ED7D9C /* LocalBookRepository.swift */ = {isa = PBXFileReference; lastKnownFileType = sourcecode.swift; path = LocalBookRepository.swift; sourceTree = "<group>"; };
		890C29B42AA71B5100ED7D9C /* DefaultLocalBookRepository.swift */ = {isa = PBXFileReference; lastKnownFileType = sourcecode.swift; path = DefaultLocalBookRepository.swift; sourceTree = "<group>"; };
		892E89C42A77991000254B54 /* BookShelf.app */ = {isa = PBXFileReference; explicitFileType = wrapper.application; includeInIndex = 0; path = BookShelf.app; sourceTree = BUILT_PRODUCTS_DIR; };
		892E89C72A77991000254B54 /* AppDelegate.swift */ = {isa = PBXFileReference; lastKnownFileType = sourcecode.swift; path = AppDelegate.swift; sourceTree = "<group>"; };
		892E89C92A77991000254B54 /* SceneDelegate.swift */ = {isa = PBXFileReference; lastKnownFileType = sourcecode.swift; path = SceneDelegate.swift; sourceTree = "<group>"; };
		892E89CE2A77991000254B54 /* Base */ = {isa = PBXFileReference; lastKnownFileType = file.storyboard; name = Base; path = Base.lproj/Main.storyboard; sourceTree = "<group>"; };
		892E89D02A77991100254B54 /* Assets.xcassets */ = {isa = PBXFileReference; lastKnownFileType = folder.assetcatalog; path = Assets.xcassets; sourceTree = "<group>"; };
		892E89D32A77991100254B54 /* Base */ = {isa = PBXFileReference; lastKnownFileType = file.storyboard; name = Base; path = Base.lproj/LaunchScreen.storyboard; sourceTree = "<group>"; };
		892E89D52A77991100254B54 /* Info.plist */ = {isa = PBXFileReference; lastKnownFileType = text.plist.xml; path = Info.plist; sourceTree = "<group>"; };
		892E89DB2A77995400254B54 /* MyBookShelfViewController.swift */ = {isa = PBXFileReference; lastKnownFileType = sourcecode.swift; path = MyBookShelfViewController.swift; sourceTree = "<group>"; };
		892E89DD2A779A3000254B54 /* MyBookShelfCollectionViewCell.swift */ = {isa = PBXFileReference; lastKnownFileType = sourcecode.swift; path = MyBookShelfCollectionViewCell.swift; sourceTree = "<group>"; };
		892E89DE2A779A3000254B54 /* MyBookShelfCollectionViewCell.xib */ = {isa = PBXFileReference; lastKnownFileType = file.xib; path = MyBookShelfCollectionViewCell.xib; sourceTree = "<group>"; };
		892E89E12A779CA300254B54 /* Movie.swift */ = {isa = PBXFileReference; lastKnownFileType = sourcecode.swift; path = Movie.swift; sourceTree = "<group>"; };
		892E89E42A779CCF00254B54 /* MovieInfo.swift */ = {isa = PBXFileReference; lastKnownFileType = sourcecode.swift; path = MovieInfo.swift; sourceTree = "<group>"; };
		892E89E62A77A47700254B54 /* UIColor+.swift */ = {isa = PBXFileReference; lastKnownFileType = sourcecode.swift; path = "UIColor+.swift"; sourceTree = "<group>"; };
		892E89E92A77A7E900254B54 /* SearchViewController.swift */ = {isa = PBXFileReference; lastKnownFileType = sourcecode.swift; path = SearchViewController.swift; sourceTree = "<group>"; };
		892E89EB2A77B3AC00254B54 /* DetailViewController.swift */ = {isa = PBXFileReference; lastKnownFileType = sourcecode.swift; path = DetailViewController.swift; sourceTree = "<group>"; };
		89CA33B32A7A498600DA1978 /* LookaroundTableHeaderView.swift */ = {isa = PBXFileReference; lastKnownFileType = sourcecode.swift; path = LookaroundTableHeaderView.swift; sourceTree = "<group>"; };
		89CA33B52A7A4B5700DA1978 /* HomeCategory.swift */ = {isa = PBXFileReference; lastKnownFileType = sourcecode.swift; path = HomeCategory.swift; sourceTree = "<group>"; };
		89CA33B72A7A729100DA1978 /* Platform.swift */ = {isa = PBXFileReference; lastKnownFileType = sourcecode.swift; path = Platform.swift; sourceTree = "<group>"; };
		89CA33B92A7A744E00DA1978 /* UIButton+.swift */ = {isa = PBXFileReference; lastKnownFileType = sourcecode.swift; path = "UIButton+.swift"; sourceTree = "<group>"; };
		89CA33BB2A7A75D100DA1978 /* UIStackView+.swift */ = {isa = PBXFileReference; lastKnownFileType = sourcecode.swift; path = "UIStackView+.swift"; sourceTree = "<group>"; };
		89CD163A2A82645100B29615 /* .gitignore */ = {isa = PBXFileReference; lastKnownFileType = text; path = .gitignore; sourceTree = "<group>"; };
		89CD163C2A8264DF00B29615 /* APIKey.swift */ = {isa = PBXFileReference; lastKnownFileType = sourcecode.swift; path = APIKey.swift; sourceTree = "<group>"; };
		89CD163E2A82669600B29615 /* Book.swift */ = {isa = PBXFileReference; lastKnownFileType = sourcecode.swift; path = Book.swift; sourceTree = "<group>"; };
		89CD16422A82695F00B29615 /* SearchTableViewCell.swift */ = {isa = PBXFileReference; lastKnownFileType = sourcecode.swift; path = SearchTableViewCell.swift; sourceTree = "<group>"; };
		89CD16432A82695F00B29615 /* SearchTableViewCell.xib */ = {isa = PBXFileReference; lastKnownFileType = file.xib; path = SearchTableViewCell.xib; sourceTree = "<group>"; };
		89E6F2E12A78EBBD008F7751 /* UITextView+.swift */ = {isa = PBXFileReference; lastKnownFileType = sourcecode.swift; path = "UITextView+.swift"; sourceTree = "<group>"; };
		89E6F2F02A7A294A008F7751 /* LookaroundViewController.swift */ = {isa = PBXFileReference; lastKnownFileType = sourcecode.swift; path = LookaroundViewController.swift; sourceTree = "<group>"; };
		89E6F2F22A7A2C03008F7751 /* LookaroundTableViewCell.swift */ = {isa = PBXFileReference; lastKnownFileType = sourcecode.swift; path = LookaroundTableViewCell.swift; sourceTree = "<group>"; };
		89E6F2F32A7A2C03008F7751 /* LookaroundTableViewCell.xib */ = {isa = PBXFileReference; lastKnownFileType = file.xib; path = LookaroundTableViewCell.xib; sourceTree = "<group>"; };
		89E6F2F62A7A328F008F7751 /* RecentItemCollectionViewCell.swift */ = {isa = PBXFileReference; lastKnownFileType = sourcecode.swift; path = RecentItemCollectionViewCell.swift; sourceTree = "<group>"; };
		89E6F2F72A7A328F008F7751 /* RecentItemCollectionViewCell.xib */ = {isa = PBXFileReference; lastKnownFileType = file.xib; path = RecentItemCollectionViewCell.xib; sourceTree = "<group>"; };
/* End PBXFileReference section */

/* Begin PBXFrameworksBuildPhase section */
		892E89C12A77991000254B54 /* Frameworks */ = {
			isa = PBXFrameworksBuildPhase;
			buildActionMask = 2147483647;
			files = (
				89CD164E2A82707D00B29615 /* Alamofire in Frameworks */,
				89CD164B2A82707300B29615 /* SwiftyJSON in Frameworks */,
				890C29632AA59BD500ED7D9C /* Realm in Frameworks */,
				890C29652AA59BD500ED7D9C /* RealmSwift in Frameworks */,
				89CD16482A82706B00B29615 /* Kingfisher in Frameworks */,
			);
			runOnlyForDeploymentPostprocessing = 0;
		};
/* End PBXFrameworksBuildPhase section */

/* Begin PBXGroup section */
		890C29662AA5A36D00ED7D9C /* Infrastructure */ = {
			isa = PBXGroup;
			children = (
				890C29AD2AA70C8B00ED7D9C /* FileSystem */,
				890C29692AA5A3A400ED7D9C /* Network */,
			);
			path = Infrastructure;
			sourceTree = "<group>";
		};
		890C29692AA5A3A400ED7D9C /* Network */ = {
			isa = PBXGroup;
			children = (
				890C29672AA5A3A100ED7D9C /* APIURL.swift */,
				890C296C2AA5A9F400ED7D9C /* APIHeader.swift */,
				890C29722AA5AA9E00ED7D9C /* APIError.swift */,
				89CD163C2A8264DF00B29615 /* APIKey.swift */,
				890C296E2AA5AA4300ED7D9C /* NetworkManager.swift */,
			);
			path = Network;
			sourceTree = "<group>";
		};
		890C297A2AA5C28300ED7D9C /* Data */ = {
			isa = PBXGroup;
			children = (
				890C29912AA5CE2700ED7D9C /* Network */,
				890C297B2AA5C2B100ED7D9C /* PersistentStorage */,
				890C29852AA5C87400ED7D9C /* Repositories */,
			);
			path = Data;
			sourceTree = "<group>";
		};
		890C297B2AA5C2B100ED7D9C /* PersistentStorage */ = {
			isa = PBXGroup;
			children = (
				890C29812AA5C62E00ED7D9C /* RealmStorage */,
				890C297C2AA5C30F00ED7D9C /* BookStorage */,
			);
			path = PersistentStorage;
			sourceTree = "<group>";
		};
		890C297C2AA5C30F00ED7D9C /* BookStorage */ = {
			isa = PBXGroup;
			children = (
				890C298C2AA5CB6700ED7D9C /* BookStorage.swift */,
				890C298E2AA5CBA100ED7D9C /* RealmStorage */,
			);
			path = BookStorage;
			sourceTree = "<group>";
		};
		890C29812AA5C62E00ED7D9C /* RealmStorage */ = {
			isa = PBXGroup;
			children = (
				890C297F2AA5C35100ED7D9C /* RealmStorage.swift */,
				890C29A52AA5FEBD00ED7D9C /* RealmMapping.swift */,
			);
			path = RealmStorage;
			sourceTree = "<group>";
		};
		890C29822AA5C6E400ED7D9C /* UseCase */ = {
			isa = PBXGroup;
			children = (
				890C29832AA5C6FD00ED7D9C /* SearchBookUseCase.swift */,
				890C29A32AA5FCD500ED7D9C /* LocalBookUseCase.swift */,
			);
			path = UseCase;
			sourceTree = "<group>";
		};
		890C29852AA5C87400ED7D9C /* Repositories */ = {
			isa = PBXGroup;
			children = (
				890C298A2AA5CAB500ED7D9C /* DefaultBookRepository.swift */,
				890C29B42AA71B5100ED7D9C /* DefaultLocalBookRepository.swift */,
			);
			path = Repositories;
			sourceTree = "<group>";
		};
		890C29862AA5C88300ED7D9C /* Interfaces */ = {
			isa = PBXGroup;
			children = (
				890C29872AA5C8A300ED7D9C /* Repositories */,
			);
			path = Interfaces;
			sourceTree = "<group>";
		};
		890C29872AA5C8A300ED7D9C /* Repositories */ = {
			isa = PBXGroup;
			children = (
				890C29882AA5C8B000ED7D9C /* BookRepository.swift */,
				890C29B22AA71ACC00ED7D9C /* LocalBookRepository.swift */,
			);
			path = Repositories;
			sourceTree = "<group>";
		};
		890C298E2AA5CBA100ED7D9C /* RealmStorage */ = {
			isa = PBXGroup;
			children = (
				890C298F2AA5CBBD00ED7D9C /* RealmBookStorage.swift */,
				890C29962AA5D18D00ED7D9C /* EntityMapping */,
			);
			path = RealmStorage;
			sourceTree = "<group>";
		};
		890C29912AA5CE2700ED7D9C /* Network */ = {
			isa = PBXGroup;
			children = (
				890C29952AA5CE5E00ED7D9C /* DataMapping */,
			);
			path = Network;
			sourceTree = "<group>";
		};
		890C29952AA5CE5E00ED7D9C /* DataMapping */ = {
			isa = PBXGroup;
			children = (
				890C29A12AA5F57D00ED7D9C /* DTOMapping.swift */,
				890C29922AA5CE5000ED7D9C /* BookDTO+Mapping.swift */,
				890C299F2AA5EE3500ED7D9C /* KakaoSearchResultDTO+Mapping.swift */,
			);
			path = DataMapping;
			sourceTree = "<group>";
		};
		890C29962AA5D18D00ED7D9C /* EntityMapping */ = {
			isa = PBXGroup;
			children = (
				890C29972AA5E1FC00ED7D9C /* Book+Mapping.swift */,
			);
			path = EntityMapping;
			sourceTree = "<group>";
		};
		890C29AD2AA70C8B00ED7D9C /* FileSystem */ = {
			isa = PBXGroup;
			children = (
				890C29AE2AA70C9E00ED7D9C /* FileSystemManager.swift */,
			);
			path = FileSystem;
			sourceTree = "<group>";
		};
		892E89BB2A77990F00254B54 = {
			isa = PBXGroup;
			children = (
				892E89C62A77991000254B54 /* BookShelf */,
				892E89C52A77991000254B54 /* Products */,
			);
			sourceTree = "<group>";
		};
		892E89C52A77991000254B54 /* Products */ = {
			isa = PBXGroup;
			children = (
				892E89C42A77991000254B54 /* BookShelf.app */,
			);
			name = Products;
			sourceTree = "<group>";
		};
		892E89C62A77991000254B54 /* BookShelf */ = {
			isa = PBXGroup;
			children = (
				89CA33C12A7AA87B00DA1978 /* Application */,
				892E89E32A779CAD00254B54 /* Domain */,
				89E6F2E32A792A84008F7751 /* Presentation */,
				890C297A2AA5C28300ED7D9C /* Data */,
				890C29662AA5A36D00ED7D9C /* Infrastructure */,
				89CA33C02A7AA85F00DA1978 /* Common */,
				89CA33C52A7AA9F500DA1978 /* Mock */,
				89CD163A2A82645100B29615 /* .gitignore */,
				892E89D02A77991100254B54 /* Assets.xcassets */,
				892E89D52A77991100254B54 /* Info.plist */,
			);
			path = BookShelf;
			sourceTree = "<group>";
		};
		892E89E32A779CAD00254B54 /* Domain */ = {
			isa = PBXGroup;
			children = (
				89CA33BF2A7AA83600DA1978 /* Entities */,
				890C29822AA5C6E400ED7D9C /* UseCase */,
				890C29862AA5C88300ED7D9C /* Interfaces */,
			);
			path = Domain;
			sourceTree = "<group>";
		};
		892E89E82A77A47E00254B54 /* Extension */ = {
			isa = PBXGroup;
			children = (
				892E89E62A77A47700254B54 /* UIColor+.swift */,
				89E6F2E12A78EBBD008F7751 /* UITextView+.swift */,
				89CA33B92A7A744E00DA1978 /* UIButton+.swift */,
				89CA33BB2A7A75D100DA1978 /* UIStackView+.swift */,
				890C29702AA5AA6E00ED7D9C /* URLSession+.swift */,
				890C29742AA5AE6100ED7D9C /* URLRequest+.swift */,
				890C29782AA5B6DC00ED7D9C /* ReusableView.swift */,
			);
			path = Extension;
			sourceTree = "<group>";
		};
		89CA33BF2A7AA83600DA1978 /* Entities */ = {
			isa = PBXGroup;
			children = (
				892E89E12A779CA300254B54 /* Movie.swift */,
				89CA33B52A7A4B5700DA1978 /* HomeCategory.swift */,
				89CA33B72A7A729100DA1978 /* Platform.swift */,
				89CD163E2A82669600B29615 /* Book.swift */,
				890C29762AA5B45D00ED7D9C /* KakaoSearchResult.swift */,
			);
			path = Entities;
			sourceTree = "<group>";
		};
		89CA33C02A7AA85F00DA1978 /* Common */ = {
			isa = PBXGroup;
			children = (
				892E89E82A77A47E00254B54 /* Extension */,
			);
			path = Common;
			sourceTree = "<group>";
		};
		89CA33C12A7AA87B00DA1978 /* Application */ = {
			isa = PBXGroup;
			children = (
				892E89C72A77991000254B54 /* AppDelegate.swift */,
				892E89C92A77991000254B54 /* SceneDelegate.swift */,
				890C299D2AA5EAAA00ED7D9C /* AppDIContainer.swift */,
				890C299B2AA5EA9200ED7D9C /* DIContainer.swift */,
			);
			path = Application;
			sourceTree = "<group>";
		};
		89CA33C22A7AA8AA00DA1978 /* Lookaround */ = {
			isa = PBXGroup;
			children = (
				89E6F2F02A7A294A008F7751 /* LookaroundViewController.swift */,
				89CA33B32A7A498600DA1978 /* LookaroundTableHeaderView.swift */,
				89E6F2F22A7A2C03008F7751 /* LookaroundTableViewCell.swift */,
				89E6F2F32A7A2C03008F7751 /* LookaroundTableViewCell.xib */,
				89E6F2F62A7A328F008F7751 /* RecentItemCollectionViewCell.swift */,
				89E6F2F72A7A328F008F7751 /* RecentItemCollectionViewCell.xib */,
			);
			path = Lookaround;
			sourceTree = "<group>";
		};
		89CA33C32A7AA99D00DA1978 /* MyBookShelf */ = {
			isa = PBXGroup;
			children = (
				892E89DB2A77995400254B54 /* MyBookShelfViewController.swift */,
				892E89DD2A779A3000254B54 /* MyBookShelfCollectionViewCell.swift */,
				892E89DE2A779A3000254B54 /* MyBookShelfCollectionViewCell.xib */,
				892E89E92A77A7E900254B54 /* SearchViewController.swift */,
				89CD16422A82695F00B29615 /* SearchTableViewCell.swift */,
				89CD16432A82695F00B29615 /* SearchTableViewCell.xib */,
			);
			path = MyBookShelf;
			sourceTree = "<group>";
		};
		89CA33C42A7AA9BC00DA1978 /* Detail */ = {
			isa = PBXGroup;
			children = (
				892E89EB2A77B3AC00254B54 /* DetailViewController.swift */,
			);
			path = Detail;
			sourceTree = "<group>";
		};
		89CA33C52A7AA9F500DA1978 /* Mock */ = {
			isa = PBXGroup;
			children = (
				892E89E42A779CCF00254B54 /* MovieInfo.swift */,
			);
			path = Mock;
			sourceTree = "<group>";
		};
		89E6F2E32A792A84008F7751 /* Presentation */ = {
			isa = PBXGroup;
			children = (
				892E89CD2A77991000254B54 /* Main.storyboard */,
				892E89D22A77991100254B54 /* LaunchScreen.storyboard */,
				89CA33C22A7AA8AA00DA1978 /* Lookaround */,
				89CA33C32A7AA99D00DA1978 /* MyBookShelf */,
				89CA33C42A7AA9BC00DA1978 /* Detail */,
			);
			path = Presentation;
			sourceTree = "<group>";
		};
/* End PBXGroup section */

/* Begin PBXNativeTarget section */
		892E89C32A77991000254B54 /* BookShelf */ = {
			isa = PBXNativeTarget;
			buildConfigurationList = 892E89D82A77991100254B54 /* Build configuration list for PBXNativeTarget "BookShelf" */;
			buildPhases = (
				892E89C02A77991000254B54 /* Sources */,
				892E89C12A77991000254B54 /* Frameworks */,
				892E89C22A77991000254B54 /* Resources */,
			);
			buildRules = (
			);
			dependencies = (
			);
			name = BookShelf;
			packageProductDependencies = (
				89CD16472A82706B00B29615 /* Kingfisher */,
				89CD164A2A82707300B29615 /* SwiftyJSON */,
				89CD164D2A82707D00B29615 /* Alamofire */,
				890C29622AA59BD500ED7D9C /* Realm */,
				890C29642AA59BD500ED7D9C /* RealmSwift */,
			);
			productName = BookShelf;
			productReference = 892E89C42A77991000254B54 /* BookShelf.app */;
			productType = "com.apple.product-type.application";
		};
/* End PBXNativeTarget section */

/* Begin PBXProject section */
		892E89BC2A77990F00254B54 /* Project object */ = {
			isa = PBXProject;
			attributes = {
				BuildIndependentTargetsInParallel = 1;
				LastSwiftUpdateCheck = 1430;
				LastUpgradeCheck = 1430;
				TargetAttributes = {
					892E89C32A77991000254B54 = {
						CreatedOnToolsVersion = 14.3.1;
					};
				};
			};
			buildConfigurationList = 892E89BF2A77990F00254B54 /* Build configuration list for PBXProject "BookShelf" */;
			compatibilityVersion = "Xcode 14.0";
			developmentRegion = en;
			hasScannedForEncodings = 0;
			knownRegions = (
				en,
				Base,
			);
			mainGroup = 892E89BB2A77990F00254B54;
			packageReferences = (
				89CD16462A82706B00B29615 /* XCRemoteSwiftPackageReference "Kingfisher" */,
				89CD16492A82707300B29615 /* XCRemoteSwiftPackageReference "SwiftyJSON" */,
				89CD164C2A82707D00B29615 /* XCRemoteSwiftPackageReference "Alamofire" */,
				890C29612AA59BD500ED7D9C /* XCRemoteSwiftPackageReference "realm-swift" */,
			);
			productRefGroup = 892E89C52A77991000254B54 /* Products */;
			projectDirPath = "";
			projectRoot = "";
			targets = (
				892E89C32A77991000254B54 /* BookShelf */,
			);
		};
/* End PBXProject section */

/* Begin PBXResourcesBuildPhase section */
		892E89C22A77991000254B54 /* Resources */ = {
			isa = PBXResourcesBuildPhase;
			buildActionMask = 2147483647;
			files = (
				89E6F2F52A7A2C03008F7751 /* LookaroundTableViewCell.xib in Resources */,
				89CD16452A82695F00B29615 /* SearchTableViewCell.xib in Resources */,
				89CD163B2A82645100B29615 /* .gitignore in Resources */,
				89E6F2F92A7A328F008F7751 /* RecentItemCollectionViewCell.xib in Resources */,
				892E89D42A77991100254B54 /* LaunchScreen.storyboard in Resources */,
				892E89D12A77991100254B54 /* Assets.xcassets in Resources */,
				892E89CF2A77991000254B54 /* Main.storyboard in Resources */,
				892E89E02A779A3000254B54 /* MyBookShelfCollectionViewCell.xib in Resources */,
			);
			runOnlyForDeploymentPostprocessing = 0;
		};
/* End PBXResourcesBuildPhase section */

/* Begin PBXSourcesBuildPhase section */
		892E89C02A77991000254B54 /* Sources */ = {
			isa = PBXSourcesBuildPhase;
			buildActionMask = 2147483647;
			files = (
				892E89E52A779CCF00254B54 /* MovieInfo.swift in Sources */,
				89CD163D2A8264DF00B29615 /* APIKey.swift in Sources */,
				89E6F2F42A7A2C03008F7751 /* LookaroundTableViewCell.swift in Sources */,
				890C29902AA5CBBD00ED7D9C /* RealmBookStorage.swift in Sources */,
				89CA33B42A7A498600DA1978 /* LookaroundTableHeaderView.swift in Sources */,
				890C29712AA5AA6E00ED7D9C /* URLSession+.swift in Sources */,
				890C29682AA5A3A100ED7D9C /* APIURL.swift in Sources */,
				89E6F2F82A7A328F008F7751 /* RecentItemCollectionViewCell.swift in Sources */,
				890C29982AA5E1FC00ED7D9C /* Book+Mapping.swift in Sources */,
				89CA33BA2A7A744E00DA1978 /* UIButton+.swift in Sources */,
				890C29AF2AA70C9E00ED7D9C /* FileSystemManager.swift in Sources */,
				890C298D2AA5CB6700ED7D9C /* BookStorage.swift in Sources */,
				890C29792AA5B6DC00ED7D9C /* ReusableView.swift in Sources */,
				890C29B32AA71ACC00ED7D9C /* LocalBookRepository.swift in Sources */,
				890C29A22AA5F57D00ED7D9C /* DTOMapping.swift in Sources */,
				89CD16442A82695F00B29615 /* SearchTableViewCell.swift in Sources */,
				89CA33B62A7A4B5700DA1978 /* HomeCategory.swift in Sources */,
				890C29932AA5CE5000ED7D9C /* BookDTO+Mapping.swift in Sources */,
				892E89E72A77A47700254B54 /* UIColor+.swift in Sources */,
				89CD163F2A82669600B29615 /* Book.swift in Sources */,
				890C29842AA5C6FD00ED7D9C /* SearchBookUseCase.swift in Sources */,
				890C296D2AA5A9F400ED7D9C /* APIHeader.swift in Sources */,
				890C298B2AA5CAB500ED7D9C /* DefaultBookRepository.swift in Sources */,
				890C29A62AA5FEBD00ED7D9C /* RealmMapping.swift in Sources */,
				890C296F2AA5AA4300ED7D9C /* NetworkManager.swift in Sources */,
				890C29772AA5B45D00ED7D9C /* KakaoSearchResult.swift in Sources */,
				89CA33BC2A7A75D100DA1978 /* UIStackView+.swift in Sources */,
				890C29802AA5C35100ED7D9C /* RealmStorage.swift in Sources */,
				892E89EA2A77A7E900254B54 /* SearchViewController.swift in Sources */,
				892E89DC2A77995400254B54 /* MyBookShelfViewController.swift in Sources */,
				890C29B52AA71B5100ED7D9C /* DefaultLocalBookRepository.swift in Sources */,
				892E89E22A779CA300254B54 /* Movie.swift in Sources */,
				890C29892AA5C8B000ED7D9C /* BookRepository.swift in Sources */,
				892E89DF2A779A3000254B54 /* MyBookShelfCollectionViewCell.swift in Sources */,
				892E89EC2A77B3AC00254B54 /* DetailViewController.swift in Sources */,
				89CA33B82A7A729100DA1978 /* Platform.swift in Sources */,
				89E6F2F12A7A294A008F7751 /* LookaroundViewController.swift in Sources */,
				892E89C82A77991000254B54 /* AppDelegate.swift in Sources */,
				890C29752AA5AE6100ED7D9C /* URLRequest+.swift in Sources */,
				89E6F2E22A78EBBD008F7751 /* UITextView+.swift in Sources */,
				890C29A02AA5EE3500ED7D9C /* KakaoSearchResultDTO+Mapping.swift in Sources */,
				890C29A42AA5FCD500ED7D9C /* LocalBookUseCase.swift in Sources */,
				890C299E2AA5EAAA00ED7D9C /* AppDIContainer.swift in Sources */,
				892E89CA2A77991000254B54 /* SceneDelegate.swift in Sources */,
				890C299C2AA5EA9200ED7D9C /* DIContainer.swift in Sources */,
				890C29732AA5AA9E00ED7D9C /* APIError.swift in Sources */,
			);
			runOnlyForDeploymentPostprocessing = 0;
		};
/* End PBXSourcesBuildPhase section */

/* Begin PBXVariantGroup section */
		892E89CD2A77991000254B54 /* Main.storyboard */ = {
			isa = PBXVariantGroup;
			children = (
				892E89CE2A77991000254B54 /* Base */,
			);
			name = Main.storyboard;
			sourceTree = "<group>";
		};
		892E89D22A77991100254B54 /* LaunchScreen.storyboard */ = {
			isa = PBXVariantGroup;
			children = (
				892E89D32A77991100254B54 /* Base */,
			);
			name = LaunchScreen.storyboard;
			sourceTree = "<group>";
		};
/* End PBXVariantGroup section */

/* Begin XCBuildConfiguration section */
		892E89D62A77991100254B54 /* Debug */ = {
			isa = XCBuildConfiguration;
			buildSettings = {
				ALWAYS_SEARCH_USER_PATHS = NO;
				CLANG_ANALYZER_NONNULL = YES;
				CLANG_ANALYZER_NUMBER_OBJECT_CONVERSION = YES_AGGRESSIVE;
				CLANG_CXX_LANGUAGE_STANDARD = "gnu++20";
				CLANG_ENABLE_MODULES = YES;
				CLANG_ENABLE_OBJC_ARC = YES;
				CLANG_ENABLE_OBJC_WEAK = YES;
				CLANG_WARN_BLOCK_CAPTURE_AUTORELEASING = YES;
				CLANG_WARN_BOOL_CONVERSION = YES;
				CLANG_WARN_COMMA = YES;
				CLANG_WARN_CONSTANT_CONVERSION = YES;
				CLANG_WARN_DEPRECATED_OBJC_IMPLEMENTATIONS = YES;
				CLANG_WARN_DIRECT_OBJC_ISA_USAGE = YES_ERROR;
				CLANG_WARN_DOCUMENTATION_COMMENTS = YES;
				CLANG_WARN_EMPTY_BODY = YES;
				CLANG_WARN_ENUM_CONVERSION = YES;
				CLANG_WARN_INFINITE_RECURSION = YES;
				CLANG_WARN_INT_CONVERSION = YES;
				CLANG_WARN_NON_LITERAL_NULL_CONVERSION = YES;
				CLANG_WARN_OBJC_IMPLICIT_RETAIN_SELF = YES;
				CLANG_WARN_OBJC_LITERAL_CONVERSION = YES;
				CLANG_WARN_OBJC_ROOT_CLASS = YES_ERROR;
				CLANG_WARN_QUOTED_INCLUDE_IN_FRAMEWORK_HEADER = YES;
				CLANG_WARN_RANGE_LOOP_ANALYSIS = YES;
				CLANG_WARN_STRICT_PROTOTYPES = YES;
				CLANG_WARN_SUSPICIOUS_MOVE = YES;
				CLANG_WARN_UNGUARDED_AVAILABILITY = YES_AGGRESSIVE;
				CLANG_WARN_UNREACHABLE_CODE = YES;
				CLANG_WARN__DUPLICATE_METHOD_MATCH = YES;
				COPY_PHASE_STRIP = NO;
				DEBUG_INFORMATION_FORMAT = dwarf;
				ENABLE_STRICT_OBJC_MSGSEND = YES;
				ENABLE_TESTABILITY = YES;
				GCC_C_LANGUAGE_STANDARD = gnu11;
				GCC_DYNAMIC_NO_PIC = NO;
				GCC_NO_COMMON_BLOCKS = YES;
				GCC_OPTIMIZATION_LEVEL = 0;
				GCC_PREPROCESSOR_DEFINITIONS = (
					"DEBUG=1",
					"$(inherited)",
				);
				GCC_WARN_64_TO_32_BIT_CONVERSION = YES;
				GCC_WARN_ABOUT_RETURN_TYPE = YES_ERROR;
				GCC_WARN_UNDECLARED_SELECTOR = YES;
				GCC_WARN_UNINITIALIZED_AUTOS = YES_AGGRESSIVE;
				GCC_WARN_UNUSED_FUNCTION = YES;
				GCC_WARN_UNUSED_VARIABLE = YES;
				IPHONEOS_DEPLOYMENT_TARGET = 16.4;
				MTL_ENABLE_DEBUG_INFO = INCLUDE_SOURCE;
				MTL_FAST_MATH = YES;
				ONLY_ACTIVE_ARCH = YES;
				SDKROOT = iphoneos;
				SWIFT_ACTIVE_COMPILATION_CONDITIONS = DEBUG;
				SWIFT_OPTIMIZATION_LEVEL = "-Onone";
			};
			name = Debug;
		};
		892E89D72A77991100254B54 /* Release */ = {
			isa = XCBuildConfiguration;
			buildSettings = {
				ALWAYS_SEARCH_USER_PATHS = NO;
				CLANG_ANALYZER_NONNULL = YES;
				CLANG_ANALYZER_NUMBER_OBJECT_CONVERSION = YES_AGGRESSIVE;
				CLANG_CXX_LANGUAGE_STANDARD = "gnu++20";
				CLANG_ENABLE_MODULES = YES;
				CLANG_ENABLE_OBJC_ARC = YES;
				CLANG_ENABLE_OBJC_WEAK = YES;
				CLANG_WARN_BLOCK_CAPTURE_AUTORELEASING = YES;
				CLANG_WARN_BOOL_CONVERSION = YES;
				CLANG_WARN_COMMA = YES;
				CLANG_WARN_CONSTANT_CONVERSION = YES;
				CLANG_WARN_DEPRECATED_OBJC_IMPLEMENTATIONS = YES;
				CLANG_WARN_DIRECT_OBJC_ISA_USAGE = YES_ERROR;
				CLANG_WARN_DOCUMENTATION_COMMENTS = YES;
				CLANG_WARN_EMPTY_BODY = YES;
				CLANG_WARN_ENUM_CONVERSION = YES;
				CLANG_WARN_INFINITE_RECURSION = YES;
				CLANG_WARN_INT_CONVERSION = YES;
				CLANG_WARN_NON_LITERAL_NULL_CONVERSION = YES;
				CLANG_WARN_OBJC_IMPLICIT_RETAIN_SELF = YES;
				CLANG_WARN_OBJC_LITERAL_CONVERSION = YES;
				CLANG_WARN_OBJC_ROOT_CLASS = YES_ERROR;
				CLANG_WARN_QUOTED_INCLUDE_IN_FRAMEWORK_HEADER = YES;
				CLANG_WARN_RANGE_LOOP_ANALYSIS = YES;
				CLANG_WARN_STRICT_PROTOTYPES = YES;
				CLANG_WARN_SUSPICIOUS_MOVE = YES;
				CLANG_WARN_UNGUARDED_AVAILABILITY = YES_AGGRESSIVE;
				CLANG_WARN_UNREACHABLE_CODE = YES;
				CLANG_WARN__DUPLICATE_METHOD_MATCH = YES;
				COPY_PHASE_STRIP = NO;
				DEBUG_INFORMATION_FORMAT = "dwarf-with-dsym";
				ENABLE_NS_ASSERTIONS = NO;
				ENABLE_STRICT_OBJC_MSGSEND = YES;
				GCC_C_LANGUAGE_STANDARD = gnu11;
				GCC_NO_COMMON_BLOCKS = YES;
				GCC_WARN_64_TO_32_BIT_CONVERSION = YES;
				GCC_WARN_ABOUT_RETURN_TYPE = YES_ERROR;
				GCC_WARN_UNDECLARED_SELECTOR = YES;
				GCC_WARN_UNINITIALIZED_AUTOS = YES_AGGRESSIVE;
				GCC_WARN_UNUSED_FUNCTION = YES;
				GCC_WARN_UNUSED_VARIABLE = YES;
				IPHONEOS_DEPLOYMENT_TARGET = 16.4;
				MTL_ENABLE_DEBUG_INFO = NO;
				MTL_FAST_MATH = YES;
				SDKROOT = iphoneos;
				SWIFT_COMPILATION_MODE = wholemodule;
				SWIFT_OPTIMIZATION_LEVEL = "-O";
				VALIDATE_PRODUCT = YES;
			};
			name = Release;
		};
		892E89D92A77991100254B54 /* Debug */ = {
			isa = XCBuildConfiguration;
			buildSettings = {
				ASSETCATALOG_COMPILER_APPICON_NAME = AppIcon;
				ASSETCATALOG_COMPILER_GLOBAL_ACCENT_COLOR_NAME = AccentColor;
				CODE_SIGN_STYLE = Automatic;
				CURRENT_PROJECT_VERSION = 1;
				DEVELOPMENT_TEAM = 67D46DJNPH;
				GENERATE_INFOPLIST_FILE = YES;
				INFOPLIST_FILE = BookShelf/Info.plist;
				INFOPLIST_KEY_UIApplicationSupportsIndirectInputEvents = YES;
				INFOPLIST_KEY_UILaunchStoryboardName = LaunchScreen;
				INFOPLIST_KEY_UIMainStoryboardFile = Main;
				INFOPLIST_KEY_UISupportedInterfaceOrientations_iPad = "UIInterfaceOrientationPortrait UIInterfaceOrientationPortraitUpsideDown UIInterfaceOrientationLandscapeLeft UIInterfaceOrientationLandscapeRight";
				INFOPLIST_KEY_UISupportedInterfaceOrientations_iPhone = "UIInterfaceOrientationPortrait UIInterfaceOrientationLandscapeLeft UIInterfaceOrientationLandscapeRight";
				LD_RUNPATH_SEARCH_PATHS = (
					"$(inherited)",
					"@executable_path/Frameworks",
				);
				MARKETING_VERSION = 1.0;
				PRODUCT_BUNDLE_IDENTIFIER = com.yescoachdev.BookShelf;
				PRODUCT_NAME = "$(TARGET_NAME)";
				SWIFT_EMIT_LOC_STRINGS = YES;
				SWIFT_VERSION = 5.0;
				TARGETED_DEVICE_FAMILY = "1,2";
			};
			name = Debug;
		};
		892E89DA2A77991100254B54 /* Release */ = {
			isa = XCBuildConfiguration;
			buildSettings = {
				ASSETCATALOG_COMPILER_APPICON_NAME = AppIcon;
				ASSETCATALOG_COMPILER_GLOBAL_ACCENT_COLOR_NAME = AccentColor;
				CODE_SIGN_STYLE = Automatic;
				CURRENT_PROJECT_VERSION = 1;
				DEVELOPMENT_TEAM = 67D46DJNPH;
				GENERATE_INFOPLIST_FILE = YES;
				INFOPLIST_FILE = BookShelf/Info.plist;
				INFOPLIST_KEY_UIApplicationSupportsIndirectInputEvents = YES;
				INFOPLIST_KEY_UILaunchStoryboardName = LaunchScreen;
				INFOPLIST_KEY_UIMainStoryboardFile = Main;
				INFOPLIST_KEY_UISupportedInterfaceOrientations_iPad = "UIInterfaceOrientationPortrait UIInterfaceOrientationPortraitUpsideDown UIInterfaceOrientationLandscapeLeft UIInterfaceOrientationLandscapeRight";
				INFOPLIST_KEY_UISupportedInterfaceOrientations_iPhone = "UIInterfaceOrientationPortrait UIInterfaceOrientationLandscapeLeft UIInterfaceOrientationLandscapeRight";
				LD_RUNPATH_SEARCH_PATHS = (
					"$(inherited)",
					"@executable_path/Frameworks",
				);
				MARKETING_VERSION = 1.0;
				PRODUCT_BUNDLE_IDENTIFIER = com.yescoachdev.BookShelf;
				PRODUCT_NAME = "$(TARGET_NAME)";
				SWIFT_EMIT_LOC_STRINGS = YES;
				SWIFT_VERSION = 5.0;
				TARGETED_DEVICE_FAMILY = "1,2";
			};
			name = Release;
		};
/* End XCBuildConfiguration section */

/* Begin XCConfigurationList section */
		892E89BF2A77990F00254B54 /* Build configuration list for PBXProject "BookShelf" */ = {
			isa = XCConfigurationList;
			buildConfigurations = (
				892E89D62A77991100254B54 /* Debug */,
				892E89D72A77991100254B54 /* Release */,
			);
			defaultConfigurationIsVisible = 0;
			defaultConfigurationName = Release;
		};
		892E89D82A77991100254B54 /* Build configuration list for PBXNativeTarget "BookShelf" */ = {
			isa = XCConfigurationList;
			buildConfigurations = (
				892E89D92A77991100254B54 /* Debug */,
				892E89DA2A77991100254B54 /* Release */,
			);
			defaultConfigurationIsVisible = 0;
			defaultConfigurationName = Release;
		};
/* End XCConfigurationList section */

/* Begin XCRemoteSwiftPackageReference section */
		890C29612AA59BD500ED7D9C /* XCRemoteSwiftPackageReference "realm-swift" */ = {
			isa = XCRemoteSwiftPackageReference;
			repositoryURL = "https://github.com/realm/realm-swift";
			requirement = {
				kind = upToNextMajorVersion;
				minimumVersion = 10.42.1;
			};
		};
		89CD16462A82706B00B29615 /* XCRemoteSwiftPackageReference "Kingfisher" */ = {
			isa = XCRemoteSwiftPackageReference;
			repositoryURL = "https://github.com/onevcat/Kingfisher";
			requirement = {
				kind = upToNextMajorVersion;
				minimumVersion = 7.0.0;
			};
		};
		89CD16492A82707300B29615 /* XCRemoteSwiftPackageReference "SwiftyJSON" */ = {
			isa = XCRemoteSwiftPackageReference;
			repositoryURL = "https://github.com/SwiftyJSON/SwiftyJSON.git";
			requirement = {
				kind = upToNextMajorVersion;
				minimumVersion = 5.0.0;
			};
		};
		89CD164C2A82707D00B29615 /* XCRemoteSwiftPackageReference "Alamofire" */ = {
			isa = XCRemoteSwiftPackageReference;
			repositoryURL = "https://github.com/Alamofire/Alamofire.git";
			requirement = {
				kind = upToNextMajorVersion;
				minimumVersion = 5.0.0;
			};
		};
/* End XCRemoteSwiftPackageReference section */

/* Begin XCSwiftPackageProductDependency section */
		890C29622AA59BD500ED7D9C /* Realm */ = {
			isa = XCSwiftPackageProductDependency;
			package = 890C29612AA59BD500ED7D9C /* XCRemoteSwiftPackageReference "realm-swift" */;
			productName = Realm;
		};
		890C29642AA59BD500ED7D9C /* RealmSwift */ = {
			isa = XCSwiftPackageProductDependency;
			package = 890C29612AA59BD500ED7D9C /* XCRemoteSwiftPackageReference "realm-swift" */;
			productName = RealmSwift;
		};
		89CD16472A82706B00B29615 /* Kingfisher */ = {
			isa = XCSwiftPackageProductDependency;
			package = 89CD16462A82706B00B29615 /* XCRemoteSwiftPackageReference "Kingfisher" */;
			productName = Kingfisher;
		};
		89CD164A2A82707300B29615 /* SwiftyJSON */ = {
			isa = XCSwiftPackageProductDependency;
			package = 89CD16492A82707300B29615 /* XCRemoteSwiftPackageReference "SwiftyJSON" */;
			productName = SwiftyJSON;
		};
		89CD164D2A82707D00B29615 /* Alamofire */ = {
			isa = XCSwiftPackageProductDependency;
			package = 89CD164C2A82707D00B29615 /* XCRemoteSwiftPackageReference "Alamofire" */;
			productName = Alamofire;
		};
/* End XCSwiftPackageProductDependency section */
	};
	rootObject = 892E89BC2A77990F00254B54 /* Project object */;
}
